
Microsoft Visual Studio Solution File, Format Version 12.00
# Visual Studio Version 17
VisualStudioVersion = 17.0.31903.59
MinimumVisualStudioVersion = 10.0.40219.1
Project("{2150E333-8FDC-42A3-9474-1A3956D46DE8}") = "templates", "templates", "{808186BE-9BD0-DD1D-D574-36EEAD1E7F8F}"
EndProject
Project("{2150E333-8FDC-42A3-9474-1A3956D46DE8}") = "library", "library", "{9BE48AF4-609A-9A7C-25A1-067F3852CB4B}"
EndProject
Project("{2150E333-8FDC-42A3-9474-1A3956D46DE8}") = "src", "src", "{D3076678-EA90-D3C4-3E13-17B0BFE7AA5C}"
EndProject
Project("{FAE04EC0-301F-11D3-BF4B-00C04F79EFBC}") = "Kadense.Templates.Library", "templates\library\src\Kadense.Templates.Library.csproj", "{7BC6CE67-546E-4C88-AD5F-FC5F5E756236}"
EndProject
Project("{2150E333-8FDC-42A3-9474-1A3956D46DE8}") = "test", "test", "{5529564B-A1F8-A9C4-B2E1-9269A5F73A7D}"
EndProject
Project("{FAE04EC0-301F-11D3-BF4B-00C04F79EFBC}") = "Kadense.Templates.Library.Tests", "templates\library\test\Kadense.Templates.Library.Tests.csproj", "{04A5E272-2780-47AD-A3A7-978995B7C6CF}"
EndProject
Project("{2150E333-8FDC-42A3-9474-1A3956D46DE8}") = "components", "components", "{F30895DC-C3AC-FF44-FFF8-D51D98AE1B61}"
EndProject
Project("{2150E333-8FDC-42A3-9474-1A3956D46DE8}") = "Models.Kubernetes", "Models.Kubernetes", "{3D9F27ED-5D62-4BBB-8D99-2073FCEC5C27}"
EndProject
Project("{2150E333-8FDC-42A3-9474-1A3956D46DE8}") = "src", "src", "{F8D574EC-2034-BAA2-0075-1D95ACCE3974}"
EndProject
Project("{FAE04EC0-301F-11D3-BF4B-00C04F79EFBC}") = "Kadense.Models.Kubernetes", "components\Models.Kubernetes\src\Kadense.Models.Kubernetes.csproj", "{5CFA4DAA-DA97-4F14-BC66-65E10A72191A}"
EndProject
Project("{2150E333-8FDC-42A3-9474-1A3956D46DE8}") = "test", "test", "{C58B4FAD-ED44-F824-2A4A-5BEA85A9C98C}"
EndProject
Project("{FAE04EC0-301F-11D3-BF4B-00C04F79EFBC}") = "Kadense.Models.Kubernetes.Tests", "components\Models.Kubernetes\test\Kadense.Models.Kubernetes.Tests.csproj", "{3F652959-3607-41C7-9952-A68356A6EA18}"
EndProject
Project("{2150E333-8FDC-42A3-9474-1A3956D46DE8}") = "Models.Jupyternetes", "Models.Jupyternetes", "{98B25214-3921-4AAF-B052-93D1D4A6702D}"
EndProject
Project("{FAE04EC0-301F-11D3-BF4B-00C04F79EFBC}") = "Kadense.Models.Jupyternetes", "components\Models.Jupyternetes\src\Kadense.Models.Jupyternetes.csproj", "{047160AE-C00C-4B02-8B1F-5738ECC85371}"
EndProject
Project("{FAE04EC0-301F-11D3-BF4B-00C04F79EFBC}") = "Kadense.Models.Jupyternetes.Tests", "components\Models.Jupyternetes\test\Kadense.Models.Jupyternetes.Tests.csproj", "{70F7F76D-CF57-4F73-A493-60FCE2286D8A}"
EndProject
Project("{2150E333-8FDC-42A3-9474-1A3956D46DE8}") = "Conversion.Jupyternetes", "Conversion.Jupyternetes", "{EC7A05DD-F367-4D72-9771-1C5B38C8C3F8}"
EndProject
Project("{FAE04EC0-301F-11D3-BF4B-00C04F79EFBC}") = "Kadense.Conversion.Jupyternetes", "components\Conversion.Jupyternetes\src\Kadense.Conversion.Jupyternetes.csproj", "{AD0D34AB-0F51-4BF5-ABD0-025860798877}"
EndProject
Project("{FAE04EC0-301F-11D3-BF4B-00C04F79EFBC}") = "Kadense.Conversion.Jupyternetes.Tests", "components\Conversion.Jupyternetes\test\Kadense.Conversion.Jupyternetes.Tests.csproj", "{458FA4F7-D0E6-4E02-81A8-4F5CC268B516}"
EndProject
Project("{2150E333-8FDC-42A3-9474-1A3956D46DE8}") = "Client.Kubernetes", "Client.Kubernetes", "{D2B124C6-E54F-4167-B9EF-F60C41E7A4CD}"
EndProject
Project("{FAE04EC0-301F-11D3-BF4B-00C04F79EFBC}") = "Kadense.Client.Kubernetes", "components\Client.Kubernetes\src\Kadense.Client.Kubernetes.csproj", "{C5BC850F-CAE1-408D-9735-149661BE663C}"
EndProject
Project("{FAE04EC0-301F-11D3-BF4B-00C04F79EFBC}") = "Kadense.Client.Kubernetes.Tests", "components\Client.Kubernetes\test\Kadense.Client.Kubernetes.Tests.csproj", "{24FF8092-BA6F-48C7-B9BE-DBBBE306CED9}"
EndProject
Project("{2150E333-8FDC-42A3-9474-1A3956D46DE8}") = "Testing", "Testing", "{422ED529-E9E6-4EF3-9B66-F5DBECEF79A4}"
EndProject
Project("{FAE04EC0-301F-11D3-BF4B-00C04F79EFBC}") = "Kadense.Testing", "components\Testing\src\Kadense.Testing.csproj", "{1B0EBFD4-FD84-4240-A410-8B3A8C545742}"
EndProject
Project("{FAE04EC0-301F-11D3-BF4B-00C04F79EFBC}") = "Kadense.Testing.Tests", "components\Testing\test\Kadense.Testing.Tests.csproj", "{26119A13-D182-4A38-BF93-A6489094E469}"
EndProject
Global
	GlobalSection(SolutionConfigurationPlatforms) = preSolution
		Debug|Any CPU = Debug|Any CPU
		Debug|x64 = Debug|x64
		Debug|x86 = Debug|x86
		Release|Any CPU = Release|Any CPU
		Release|x64 = Release|x64
		Release|x86 = Release|x86
	EndGlobalSection
	GlobalSection(ProjectConfigurationPlatforms) = postSolution
		{7BC6CE67-546E-4C88-AD5F-FC5F5E756236}.Debug|Any CPU.ActiveCfg = Debug|Any CPU
		{7BC6CE67-546E-4C88-AD5F-FC5F5E756236}.Debug|Any CPU.Build.0 = Debug|Any CPU
		{7BC6CE67-546E-4C88-AD5F-FC5F5E756236}.Debug|x64.ActiveCfg = Debug|Any CPU
		{7BC6CE67-546E-4C88-AD5F-FC5F5E756236}.Debug|x64.Build.0 = Debug|Any CPU
		{7BC6CE67-546E-4C88-AD5F-FC5F5E756236}.Debug|x86.ActiveCfg = Debug|Any CPU
		{7BC6CE67-546E-4C88-AD5F-FC5F5E756236}.Debug|x86.Build.0 = Debug|Any CPU
		{7BC6CE67-546E-4C88-AD5F-FC5F5E756236}.Release|Any CPU.ActiveCfg = Release|Any CPU
		{7BC6CE67-546E-4C88-AD5F-FC5F5E756236}.Release|Any CPU.Build.0 = Release|Any CPU
		{7BC6CE67-546E-4C88-AD5F-FC5F5E756236}.Release|x64.ActiveCfg = Release|Any CPU
		{7BC6CE67-546E-4C88-AD5F-FC5F5E756236}.Release|x64.Build.0 = Release|Any CPU
		{7BC6CE67-546E-4C88-AD5F-FC5F5E756236}.Release|x86.ActiveCfg = Release|Any CPU
		{7BC6CE67-546E-4C88-AD5F-FC5F5E756236}.Release|x86.Build.0 = Release|Any CPU
		{04A5E272-2780-47AD-A3A7-978995B7C6CF}.Debug|Any CPU.ActiveCfg = Debug|Any CPU
		{04A5E272-2780-47AD-A3A7-978995B7C6CF}.Debug|Any CPU.Build.0 = Debug|Any CPU
		{04A5E272-2780-47AD-A3A7-978995B7C6CF}.Debug|x64.ActiveCfg = Debug|Any CPU
		{04A5E272-2780-47AD-A3A7-978995B7C6CF}.Debug|x64.Build.0 = Debug|Any CPU
		{04A5E272-2780-47AD-A3A7-978995B7C6CF}.Debug|x86.ActiveCfg = Debug|Any CPU
		{04A5E272-2780-47AD-A3A7-978995B7C6CF}.Debug|x86.Build.0 = Debug|Any CPU
		{04A5E272-2780-47AD-A3A7-978995B7C6CF}.Release|Any CPU.ActiveCfg = Release|Any CPU
		{04A5E272-2780-47AD-A3A7-978995B7C6CF}.Release|Any CPU.Build.0 = Release|Any CPU
		{04A5E272-2780-47AD-A3A7-978995B7C6CF}.Release|x64.ActiveCfg = Release|Any CPU
		{04A5E272-2780-47AD-A3A7-978995B7C6CF}.Release|x64.Build.0 = Release|Any CPU
		{04A5E272-2780-47AD-A3A7-978995B7C6CF}.Release|x86.ActiveCfg = Release|Any CPU
		{04A5E272-2780-47AD-A3A7-978995B7C6CF}.Release|x86.Build.0 = Release|Any CPU
		{5CFA4DAA-DA97-4F14-BC66-65E10A72191A}.Debug|Any CPU.ActiveCfg = Debug|Any CPU
		{5CFA4DAA-DA97-4F14-BC66-65E10A72191A}.Debug|Any CPU.Build.0 = Debug|Any CPU
		{5CFA4DAA-DA97-4F14-BC66-65E10A72191A}.Debug|x64.ActiveCfg = Debug|Any CPU
		{5CFA4DAA-DA97-4F14-BC66-65E10A72191A}.Debug|x64.Build.0 = Debug|Any CPU
		{5CFA4DAA-DA97-4F14-BC66-65E10A72191A}.Debug|x86.ActiveCfg = Debug|Any CPU
		{5CFA4DAA-DA97-4F14-BC66-65E10A72191A}.Debug|x86.Build.0 = Debug|Any CPU
		{5CFA4DAA-DA97-4F14-BC66-65E10A72191A}.Release|Any CPU.ActiveCfg = Release|Any CPU
		{5CFA4DAA-DA97-4F14-BC66-65E10A72191A}.Release|Any CPU.Build.0 = Release|Any CPU
		{5CFA4DAA-DA97-4F14-BC66-65E10A72191A}.Release|x64.ActiveCfg = Release|Any CPU
		{5CFA4DAA-DA97-4F14-BC66-65E10A72191A}.Release|x64.Build.0 = Release|Any CPU
		{5CFA4DAA-DA97-4F14-BC66-65E10A72191A}.Release|x86.ActiveCfg = Release|Any CPU
		{5CFA4DAA-DA97-4F14-BC66-65E10A72191A}.Release|x86.Build.0 = Release|Any CPU
		{3F652959-3607-41C7-9952-A68356A6EA18}.Debug|Any CPU.ActiveCfg = Debug|Any CPU
		{3F652959-3607-41C7-9952-A68356A6EA18}.Debug|Any CPU.Build.0 = Debug|Any CPU
		{3F652959-3607-41C7-9952-A68356A6EA18}.Debug|x64.ActiveCfg = Debug|Any CPU
		{3F652959-3607-41C7-9952-A68356A6EA18}.Debug|x64.Build.0 = Debug|Any CPU
		{3F652959-3607-41C7-9952-A68356A6EA18}.Debug|x86.ActiveCfg = Debug|Any CPU
		{3F652959-3607-41C7-9952-A68356A6EA18}.Debug|x86.Build.0 = Debug|Any CPU
		{3F652959-3607-41C7-9952-A68356A6EA18}.Release|Any CPU.ActiveCfg = Release|Any CPU
		{3F652959-3607-41C7-9952-A68356A6EA18}.Release|Any CPU.Build.0 = Release|Any CPU
		{3F652959-3607-41C7-9952-A68356A6EA18}.Release|x64.ActiveCfg = Release|Any CPU
		{3F652959-3607-41C7-9952-A68356A6EA18}.Release|x64.Build.0 = Release|Any CPU
		{3F652959-3607-41C7-9952-A68356A6EA18}.Release|x86.ActiveCfg = Release|Any CPU
		{3F652959-3607-41C7-9952-A68356A6EA18}.Release|x86.Build.0 = Release|Any CPU
		{047160AE-C00C-4B02-8B1F-5738ECC85371}.Debug|Any CPU.ActiveCfg = Debug|Any CPU
		{047160AE-C00C-4B02-8B1F-5738ECC85371}.Debug|Any CPU.Build.0 = Debug|Any CPU
		{047160AE-C00C-4B02-8B1F-5738ECC85371}.Debug|x64.ActiveCfg = Debug|Any CPU
		{047160AE-C00C-4B02-8B1F-5738ECC85371}.Debug|x64.Build.0 = Debug|Any CPU
		{047160AE-C00C-4B02-8B1F-5738ECC85371}.Debug|x86.ActiveCfg = Debug|Any CPU
		{047160AE-C00C-4B02-8B1F-5738ECC85371}.Debug|x86.Build.0 = Debug|Any CPU
		{047160AE-C00C-4B02-8B1F-5738ECC85371}.Release|Any CPU.ActiveCfg = Release|Any CPU
		{047160AE-C00C-4B02-8B1F-5738ECC85371}.Release|Any CPU.Build.0 = Release|Any CPU
		{047160AE-C00C-4B02-8B1F-5738ECC85371}.Release|x64.ActiveCfg = Release|Any CPU
		{047160AE-C00C-4B02-8B1F-5738ECC85371}.Release|x64.Build.0 = Release|Any CPU
		{047160AE-C00C-4B02-8B1F-5738ECC85371}.Release|x86.ActiveCfg = Release|Any CPU
		{047160AE-C00C-4B02-8B1F-5738ECC85371}.Release|x86.Build.0 = Release|Any CPU
		{70F7F76D-CF57-4F73-A493-60FCE2286D8A}.Debug|Any CPU.ActiveCfg = Debug|Any CPU
		{70F7F76D-CF57-4F73-A493-60FCE2286D8A}.Debug|Any CPU.Build.0 = Debug|Any CPU
		{70F7F76D-CF57-4F73-A493-60FCE2286D8A}.Debug|x64.ActiveCfg = Debug|Any CPU
		{70F7F76D-CF57-4F73-A493-60FCE2286D8A}.Debug|x64.Build.0 = Debug|Any CPU
		{70F7F76D-CF57-4F73-A493-60FCE2286D8A}.Debug|x86.ActiveCfg = Debug|Any CPU
		{70F7F76D-CF57-4F73-A493-60FCE2286D8A}.Debug|x86.Build.0 = Debug|Any CPU
		{70F7F76D-CF57-4F73-A493-60FCE2286D8A}.Release|Any CPU.ActiveCfg = Release|Any CPU
		{70F7F76D-CF57-4F73-A493-60FCE2286D8A}.Release|Any CPU.Build.0 = Release|Any CPU
		{70F7F76D-CF57-4F73-A493-60FCE2286D8A}.Release|x64.ActiveCfg = Release|Any CPU
		{70F7F76D-CF57-4F73-A493-60FCE2286D8A}.Release|x64.Build.0 = Release|Any CPU
		{70F7F76D-CF57-4F73-A493-60FCE2286D8A}.Release|x86.ActiveCfg = Release|Any CPU
		{70F7F76D-CF57-4F73-A493-60FCE2286D8A}.Release|x86.Build.0 = Release|Any CPU
		{AD0D34AB-0F51-4BF5-ABD0-025860798877}.Debug|Any CPU.ActiveCfg = Debug|Any CPU
		{AD0D34AB-0F51-4BF5-ABD0-025860798877}.Debug|Any CPU.Build.0 = Debug|Any CPU
		{AD0D34AB-0F51-4BF5-ABD0-025860798877}.Debug|x64.ActiveCfg = Debug|Any CPU
		{AD0D34AB-0F51-4BF5-ABD0-025860798877}.Debug|x64.Build.0 = Debug|Any CPU
		{AD0D34AB-0F51-4BF5-ABD0-025860798877}.Debug|x86.ActiveCfg = Debug|Any CPU
		{AD0D34AB-0F51-4BF5-ABD0-025860798877}.Debug|x86.Build.0 = Debug|Any CPU
		{AD0D34AB-0F51-4BF5-ABD0-025860798877}.Release|Any CPU.ActiveCfg = Release|Any CPU
		{AD0D34AB-0F51-4BF5-ABD0-025860798877}.Release|Any CPU.Build.0 = Release|Any CPU
		{AD0D34AB-0F51-4BF5-ABD0-025860798877}.Release|x64.ActiveCfg = Release|Any CPU
		{AD0D34AB-0F51-4BF5-ABD0-025860798877}.Release|x64.Build.0 = Release|Any CPU
		{AD0D34AB-0F51-4BF5-ABD0-025860798877}.Release|x86.ActiveCfg = Release|Any CPU
		{AD0D34AB-0F51-4BF5-ABD0-025860798877}.Release|x86.Build.0 = Release|Any CPU
		{458FA4F7-D0E6-4E02-81A8-4F5CC268B516}.Debug|Any CPU.ActiveCfg = Debug|Any CPU
		{458FA4F7-D0E6-4E02-81A8-4F5CC268B516}.Debug|Any CPU.Build.0 = Debug|Any CPU
		{458FA4F7-D0E6-4E02-81A8-4F5CC268B516}.Debug|x64.ActiveCfg = Debug|Any CPU
		{458FA4F7-D0E6-4E02-81A8-4F5CC268B516}.Debug|x64.Build.0 = Debug|Any CPU
		{458FA4F7-D0E6-4E02-81A8-4F5CC268B516}.Debug|x86.ActiveCfg = Debug|Any CPU
		{458FA4F7-D0E6-4E02-81A8-4F5CC268B516}.Debug|x86.Build.0 = Debug|Any CPU
		{458FA4F7-D0E6-4E02-81A8-4F5CC268B516}.Release|Any CPU.ActiveCfg = Release|Any CPU
		{458FA4F7-D0E6-4E02-81A8-4F5CC268B516}.Release|Any CPU.Build.0 = Release|Any CPU
		{458FA4F7-D0E6-4E02-81A8-4F5CC268B516}.Release|x64.ActiveCfg = Release|Any CPU
		{458FA4F7-D0E6-4E02-81A8-4F5CC268B516}.Release|x64.Build.0 = Release|Any CPU
		{458FA4F7-D0E6-4E02-81A8-4F5CC268B516}.Release|x86.ActiveCfg = Release|Any CPU
		{458FA4F7-D0E6-4E02-81A8-4F5CC268B516}.Release|x86.Build.0 = Release|Any CPU
		{C5BC850F-CAE1-408D-9735-149661BE663C}.Debug|Any CPU.ActiveCfg = Debug|Any CPU
		{C5BC850F-CAE1-408D-9735-149661BE663C}.Debug|Any CPU.Build.0 = Debug|Any CPU
		{C5BC850F-CAE1-408D-9735-149661BE663C}.Debug|x64.ActiveCfg = Debug|Any CPU
		{C5BC850F-CAE1-408D-9735-149661BE663C}.Debug|x64.Build.0 = Debug|Any CPU
		{C5BC850F-CAE1-408D-9735-149661BE663C}.Debug|x86.ActiveCfg = Debug|Any CPU
		{C5BC850F-CAE1-408D-9735-149661BE663C}.Debug|x86.Build.0 = Debug|Any CPU
		{C5BC850F-CAE1-408D-9735-149661BE663C}.Release|Any CPU.ActiveCfg = Release|Any CPU
		{C5BC850F-CAE1-408D-9735-149661BE663C}.Release|Any CPU.Build.0 = Release|Any CPU
		{C5BC850F-CAE1-408D-9735-149661BE663C}.Release|x64.ActiveCfg = Release|Any CPU
		{C5BC850F-CAE1-408D-9735-149661BE663C}.Release|x64.Build.0 = Release|Any CPU
		{C5BC850F-CAE1-408D-9735-149661BE663C}.Release|x86.ActiveCfg = Release|Any CPU
		{C5BC850F-CAE1-408D-9735-149661BE663C}.Release|x86.Build.0 = Release|Any CPU
		{24FF8092-BA6F-48C7-B9BE-DBBBE306CED9}.Debug|Any CPU.ActiveCfg = Debug|Any CPU
		{24FF8092-BA6F-48C7-B9BE-DBBBE306CED9}.Debug|Any CPU.Build.0 = Debug|Any CPU
		{24FF8092-BA6F-48C7-B9BE-DBBBE306CED9}.Debug|x64.ActiveCfg = Debug|Any CPU
		{24FF8092-BA6F-48C7-B9BE-DBBBE306CED9}.Debug|x64.Build.0 = Debug|Any CPU
		{24FF8092-BA6F-48C7-B9BE-DBBBE306CED9}.Debug|x86.ActiveCfg = Debug|Any CPU
		{24FF8092-BA6F-48C7-B9BE-DBBBE306CED9}.Debug|x86.Build.0 = Debug|Any CPU
		{24FF8092-BA6F-48C7-B9BE-DBBBE306CED9}.Release|Any CPU.ActiveCfg = Release|Any CPU
		{24FF8092-BA6F-48C7-B9BE-DBBBE306CED9}.Release|Any CPU.Build.0 = Release|Any CPU
		{24FF8092-BA6F-48C7-B9BE-DBBBE306CED9}.Release|x64.ActiveCfg = Release|Any CPU
		{24FF8092-BA6F-48C7-B9BE-DBBBE306CED9}.Release|x64.Build.0 = Release|Any CPU
		{24FF8092-BA6F-48C7-B9BE-DBBBE306CED9}.Release|x86.ActiveCfg = Release|Any CPU
		{24FF8092-BA6F-48C7-B9BE-DBBBE306CED9}.Release|x86.Build.0 = Release|Any CPU
		{1B0EBFD4-FD84-4240-A410-8B3A8C545742}.Debug|Any CPU.ActiveCfg = Debug|Any CPU
		{1B0EBFD4-FD84-4240-A410-8B3A8C545742}.Debug|Any CPU.Build.0 = Debug|Any CPU
		{1B0EBFD4-FD84-4240-A410-8B3A8C545742}.Debug|x64.ActiveCfg = Debug|Any CPU
		{1B0EBFD4-FD84-4240-A410-8B3A8C545742}.Debug|x64.Build.0 = Debug|Any CPU
		{1B0EBFD4-FD84-4240-A410-8B3A8C545742}.Debug|x86.ActiveCfg = Debug|Any CPU
		{1B0EBFD4-FD84-4240-A410-8B3A8C545742}.Debug|x86.Build.0 = Debug|Any CPU
		{1B0EBFD4-FD84-4240-A410-8B3A8C545742}.Release|Any CPU.ActiveCfg = Release|Any CPU
		{1B0EBFD4-FD84-4240-A410-8B3A8C545742}.Release|Any CPU.Build.0 = Release|Any CPU
		{1B0EBFD4-FD84-4240-A410-8B3A8C545742}.Release|x64.ActiveCfg = Release|Any CPU
		{1B0EBFD4-FD84-4240-A410-8B3A8C545742}.Release|x64.Build.0 = Release|Any CPU
		{1B0EBFD4-FD84-4240-A410-8B3A8C545742}.Release|x86.ActiveCfg = Release|Any CPU
		{1B0EBFD4-FD84-4240-A410-8B3A8C545742}.Release|x86.Build.0 = Release|Any CPU
		{26119A13-D182-4A38-BF93-A6489094E469}.Debug|Any CPU.ActiveCfg = Debug|Any CPU
		{26119A13-D182-4A38-BF93-A6489094E469}.Debug|Any CPU.Build.0 = Debug|Any CPU
		{26119A13-D182-4A38-BF93-A6489094E469}.Debug|x64.ActiveCfg = Debug|Any CPU
		{26119A13-D182-4A38-BF93-A6489094E469}.Debug|x64.Build.0 = Debug|Any CPU
		{26119A13-D182-4A38-BF93-A6489094E469}.Debug|x86.ActiveCfg = Debug|Any CPU
		{26119A13-D182-4A38-BF93-A6489094E469}.Debug|x86.Build.0 = Debug|Any CPU
		{26119A13-D182-4A38-BF93-A6489094E469}.Release|Any CPU.ActiveCfg = Release|Any CPU
		{26119A13-D182-4A38-BF93-A6489094E469}.Release|Any CPU.Build.0 = Release|Any CPU
		{26119A13-D182-4A38-BF93-A6489094E469}.Release|x64.ActiveCfg = Release|Any CPU
		{26119A13-D182-4A38-BF93-A6489094E469}.Release|x64.Build.0 = Release|Any CPU
		{26119A13-D182-4A38-BF93-A6489094E469}.Release|x86.ActiveCfg = Release|Any CPU
		{26119A13-D182-4A38-BF93-A6489094E469}.Release|x86.Build.0 = Release|Any CPU
	EndGlobalSection
	GlobalSection(SolutionProperties) = preSolution
		HideSolutionNode = FALSE
	EndGlobalSection
	GlobalSection(NestedProjects) = preSolution
		{9BE48AF4-609A-9A7C-25A1-067F3852CB4B} = {808186BE-9BD0-DD1D-D574-36EEAD1E7F8F}
		{D3076678-EA90-D3C4-3E13-17B0BFE7AA5C} = {9BE48AF4-609A-9A7C-25A1-067F3852CB4B}
		{7BC6CE67-546E-4C88-AD5F-FC5F5E756236} = {D3076678-EA90-D3C4-3E13-17B0BFE7AA5C}
		{5529564B-A1F8-A9C4-B2E1-9269A5F73A7D} = {9BE48AF4-609A-9A7C-25A1-067F3852CB4B}
		{04A5E272-2780-47AD-A3A7-978995B7C6CF} = {5529564B-A1F8-A9C4-B2E1-9269A5F73A7D}
		{3D9F27ED-5D62-4BBB-8D99-2073FCEC5C27} = {F30895DC-C3AC-FF44-FFF8-D51D98AE1B61}
		{F8D574EC-2034-BAA2-0075-1D95ACCE3974} = {3D9F27ED-5D62-4BBB-8D99-2073FCEC5C27}
		{5CFA4DAA-DA97-4F14-BC66-65E10A72191A} = {F8D574EC-2034-BAA2-0075-1D95ACCE3974}
		{C58B4FAD-ED44-F824-2A4A-5BEA85A9C98C} = {3D9F27ED-5D62-4BBB-8D99-2073FCEC5C27}
		{3F652959-3607-41C7-9952-A68356A6EA18} = {C58B4FAD-ED44-F824-2A4A-5BEA85A9C98C}
		{98B25214-3921-4AAF-B052-93D1D4A6702D} = {F30895DC-C3AC-FF44-FFF8-D51D98AE1B61}
		{047160AE-C00C-4B02-8B1F-5738ECC85371} = {98B25214-3921-4AAF-B052-93D1D4A6702D}
		{70F7F76D-CF57-4F73-A493-60FCE2286D8A} = {98B25214-3921-4AAF-B052-93D1D4A6702D}
		{EC7A05DD-F367-4D72-9771-1C5B38C8C3F8} = {F30895DC-C3AC-FF44-FFF8-D51D98AE1B61}
		{AD0D34AB-0F51-4BF5-ABD0-025860798877} = {EC7A05DD-F367-4D72-9771-1C5B38C8C3F8}
		{458FA4F7-D0E6-4E02-81A8-4F5CC268B516} = {EC7A05DD-F367-4D72-9771-1C5B38C8C3F8}
		{D2B124C6-E54F-4167-B9EF-F60C41E7A4CD} = {F30895DC-C3AC-FF44-FFF8-D51D98AE1B61}
		{C5BC850F-CAE1-408D-9735-149661BE663C} = {D2B124C6-E54F-4167-B9EF-F60C41E7A4CD}
		{24FF8092-BA6F-48C7-B9BE-DBBBE306CED9} = {D2B124C6-E54F-4167-B9EF-F60C41E7A4CD}
		{422ED529-E9E6-4EF3-9B66-F5DBECEF79A4} = {F30895DC-C3AC-FF44-FFF8-D51D98AE1B61}
		{1B0EBFD4-FD84-4240-A410-8B3A8C545742} = {422ED529-E9E6-4EF3-9B66-F5DBECEF79A4}
		{26119A13-D182-4A38-BF93-A6489094E469} = {422ED529-E9E6-4EF3-9B66-F5DBECEF79A4}
	EndGlobalSection
EndGlobal
