
Microsoft Visual Studio Solution File, Format Version 12.00
# Visual Studio Version 17
VisualStudioVersion = 17.0.31903.59
MinimumVisualStudioVersion = 10.0.40219.1
Project("{2150E333-8FDC-42A3-9474-1A3956D46DE8}") = "templates", "templates", "{808186BE-9BD0-DD1D-D574-36EEAD1E7F8F}"
EndProject
Project("{2150E333-8FDC-42A3-9474-1A3956D46DE8}") = "library", "library", "{9BE48AF4-609A-9A7C-25A1-067F3852CB4B}"
EndProject
Project("{2150E333-8FDC-42A3-9474-1A3956D46DE8}") = "src", "src", "{D3076678-EA90-D3C4-3E13-17B0BFE7AA5C}"
EndProject
Project("{FAE04EC0-301F-11D3-BF4B-00C04F79EFBC}") = "Kadense.Templates.Library", "templates\library\src\Kadense.Templates.Library.csproj", "{7BC6CE67-546E-4C88-AD5F-FC5F5E756236}"
EndProject
Project("{2150E333-8FDC-42A3-9474-1A3956D46DE8}") = "test", "test", "{5529564B-A1F8-A9C4-B2E1-9269A5F73A7D}"
EndProject
Project("{FAE04EC0-301F-11D3-BF4B-00C04F79EFBC}") = "Kadense.Templates.Library.Tests", "templates\library\test\Kadense.Templates.Library.Tests.csproj", "{04A5E272-2780-47AD-A3A7-978995B7C6CF}"
EndProject
Project("{2150E333-8FDC-42A3-9474-1A3956D46DE8}") = "components", "components", "{F30895DC-C3AC-FF44-FFF8-D51D98AE1B61}"
EndProject
Project("{2150E333-8FDC-42A3-9474-1A3956D46DE8}") = "Models.Kubernetes", "Models.Kubernetes", "{3D9F27ED-5D62-4BBB-8D99-2073FCEC5C27}"
EndProject
Project("{2150E333-8FDC-42A3-9474-1A3956D46DE8}") = "src", "src", "{F8D574EC-2034-BAA2-0075-1D95ACCE3974}"
EndProject
Project("{FAE04EC0-301F-11D3-BF4B-00C04F79EFBC}") = "Kadense.Models.Kubernetes", "components\Models.Kubernetes\src\Kadense.Models.Kubernetes.csproj", "{5CFA4DAA-DA97-4F14-BC66-65E10A72191A}"
EndProject
Project("{2150E333-8FDC-42A3-9474-1A3956D46DE8}") = "test", "test", "{C58B4FAD-ED44-F824-2A4A-5BEA85A9C98C}"
EndProject
Project("{FAE04EC0-301F-11D3-BF4B-00C04F79EFBC}") = "Kadense.Models.Kubernetes.Tests", "components\Models.Kubernetes\test\Kadense.Models.Kubernetes.Tests.csproj", "{3F652959-3607-41C7-9952-A68356A6EA18}"
EndProject
Global
	GlobalSection(SolutionConfigurationPlatforms) = preSolution
		Debug|Any CPU = Debug|Any CPU
		Debug|x64 = Debug|x64
		Debug|x86 = Debug|x86
		Release|Any CPU = Release|Any CPU
		Release|x64 = Release|x64
		Release|x86 = Release|x86
	EndGlobalSection
	GlobalSection(ProjectConfigurationPlatforms) = postSolution
		{7BC6CE67-546E-4C88-AD5F-FC5F5E756236}.Debug|Any CPU.ActiveCfg = Debug|Any CPU
		{7BC6CE67-546E-4C88-AD5F-FC5F5E756236}.Debug|Any CPU.Build.0 = Debug|Any CPU
		{7BC6CE67-546E-4C88-AD5F-FC5F5E756236}.Debug|x64.ActiveCfg = Debug|Any CPU
		{7BC6CE67-546E-4C88-AD5F-FC5F5E756236}.Debug|x64.Build.0 = Debug|Any CPU
		{7BC6CE67-546E-4C88-AD5F-FC5F5E756236}.Debug|x86.ActiveCfg = Debug|Any CPU
		{7BC6CE67-546E-4C88-AD5F-FC5F5E756236}.Debug|x86.Build.0 = Debug|Any CPU
		{7BC6CE67-546E-4C88-AD5F-FC5F5E756236}.Release|Any CPU.ActiveCfg = Release|Any CPU
		{7BC6CE67-546E-4C88-AD5F-FC5F5E756236}.Release|Any CPU.Build.0 = Release|Any CPU
		{7BC6CE67-546E-4C88-AD5F-FC5F5E756236}.Release|x64.ActiveCfg = Release|Any CPU
		{7BC6CE67-546E-4C88-AD5F-FC5F5E756236}.Release|x64.Build.0 = Release|Any CPU
		{7BC6CE67-546E-4C88-AD5F-FC5F5E756236}.Release|x86.ActiveCfg = Release|Any CPU
		{7BC6CE67-546E-4C88-AD5F-FC5F5E756236}.Release|x86.Build.0 = Release|Any CPU
		{04A5E272-2780-47AD-A3A7-978995B7C6CF}.Debug|Any CPU.ActiveCfg = Debug|Any CPU
		{04A5E272-2780-47AD-A3A7-978995B7C6CF}.Debug|Any CPU.Build.0 = Debug|Any CPU
		{04A5E272-2780-47AD-A3A7-978995B7C6CF}.Debug|x64.ActiveCfg = Debug|Any CPU
		{04A5E272-2780-47AD-A3A7-978995B7C6CF}.Debug|x64.Build.0 = Debug|Any CPU
		{04A5E272-2780-47AD-A3A7-978995B7C6CF}.Debug|x86.ActiveCfg = Debug|Any CPU
		{04A5E272-2780-47AD-A3A7-978995B7C6CF}.Debug|x86.Build.0 = Debug|Any CPU
		{04A5E272-2780-47AD-A3A7-978995B7C6CF}.Release|Any CPU.ActiveCfg = Release|Any CPU
		{04A5E272-2780-47AD-A3A7-978995B7C6CF}.Release|Any CPU.Build.0 = Release|Any CPU
		{04A5E272-2780-47AD-A3A7-978995B7C6CF}.Release|x64.ActiveCfg = Release|Any CPU
		{04A5E272-2780-47AD-A3A7-978995B7C6CF}.Release|x64.Build.0 = Release|Any CPU
		{04A5E272-2780-47AD-A3A7-978995B7C6CF}.Release|x86.ActiveCfg = Release|Any CPU
		{04A5E272-2780-47AD-A3A7-978995B7C6CF}.Release|x86.Build.0 = Release|Any CPU
		{5CFA4DAA-DA97-4F14-BC66-65E10A72191A}.Debug|Any CPU.ActiveCfg = Debug|Any CPU
		{5CFA4DAA-DA97-4F14-BC66-65E10A72191A}.Debug|Any CPU.Build.0 = Debug|Any CPU
		{5CFA4DAA-DA97-4F14-BC66-65E10A72191A}.Debug|x64.ActiveCfg = Debug|Any CPU
		{5CFA4DAA-DA97-4F14-BC66-65E10A72191A}.Debug|x64.Build.0 = Debug|Any CPU
		{5CFA4DAA-DA97-4F14-BC66-65E10A72191A}.Debug|x86.ActiveCfg = Debug|Any CPU
		{5CFA4DAA-DA97-4F14-BC66-65E10A72191A}.Debug|x86.Build.0 = Debug|Any CPU
		{5CFA4DAA-DA97-4F14-BC66-65E10A72191A}.Release|Any CPU.ActiveCfg = Release|Any CPU
		{5CFA4DAA-DA97-4F14-BC66-65E10A72191A}.Release|Any CPU.Build.0 = Release|Any CPU
		{5CFA4DAA-DA97-4F14-BC66-65E10A72191A}.Release|x64.ActiveCfg = Release|Any CPU
		{5CFA4DAA-DA97-4F14-BC66-65E10A72191A}.Release|x64.Build.0 = Release|Any CPU
		{5CFA4DAA-DA97-4F14-BC66-65E10A72191A}.Release|x86.ActiveCfg = Release|Any CPU
		{5CFA4DAA-DA97-4F14-BC66-65E10A72191A}.Release|x86.Build.0 = Release|Any CPU
		{3F652959-3607-41C7-9952-A68356A6EA18}.Debug|Any CPU.ActiveCfg = Debug|Any CPU
		{3F652959-3607-41C7-9952-A68356A6EA18}.Debug|Any CPU.Build.0 = Debug|Any CPU
		{3F652959-3607-41C7-9952-A68356A6EA18}.Debug|x64.ActiveCfg = Debug|Any CPU
		{3F652959-3607-41C7-9952-A68356A6EA18}.Debug|x64.Build.0 = Debug|Any CPU
		{3F652959-3607-41C7-9952-A68356A6EA18}.Debug|x86.ActiveCfg = Debug|Any CPU
		{3F652959-3607-41C7-9952-A68356A6EA18}.Debug|x86.Build.0 = Debug|Any CPU
		{3F652959-3607-41C7-9952-A68356A6EA18}.Release|Any CPU.ActiveCfg = Release|Any CPU
		{3F652959-3607-41C7-9952-A68356A6EA18}.Release|Any CPU.Build.0 = Release|Any CPU
		{3F652959-3607-41C7-9952-A68356A6EA18}.Release|x64.ActiveCfg = Release|Any CPU
		{3F652959-3607-41C7-9952-A68356A6EA18}.Release|x64.Build.0 = Release|Any CPU
		{3F652959-3607-41C7-9952-A68356A6EA18}.Release|x86.ActiveCfg = Release|Any CPU
		{3F652959-3607-41C7-9952-A68356A6EA18}.Release|x86.Build.0 = Release|Any CPU
	EndGlobalSection
	GlobalSection(SolutionProperties) = preSolution
		HideSolutionNode = FALSE
	EndGlobalSection
	GlobalSection(NestedProjects) = preSolution
		{9BE48AF4-609A-9A7C-25A1-067F3852CB4B} = {808186BE-9BD0-DD1D-D574-36EEAD1E7F8F}
		{D3076678-EA90-D3C4-3E13-17B0BFE7AA5C} = {9BE48AF4-609A-9A7C-25A1-067F3852CB4B}
		{7BC6CE67-546E-4C88-AD5F-FC5F5E756236} = {D3076678-EA90-D3C4-3E13-17B0BFE7AA5C}
		{5529564B-A1F8-A9C4-B2E1-9269A5F73A7D} = {9BE48AF4-609A-9A7C-25A1-067F3852CB4B}
		{04A5E272-2780-47AD-A3A7-978995B7C6CF} = {5529564B-A1F8-A9C4-B2E1-9269A5F73A7D}
		{3D9F27ED-5D62-4BBB-8D99-2073FCEC5C27} = {F30895DC-C3AC-FF44-FFF8-D51D98AE1B61}
		{F8D574EC-2034-BAA2-0075-1D95ACCE3974} = {3D9F27ED-5D62-4BBB-8D99-2073FCEC5C27}
		{5CFA4DAA-DA97-4F14-BC66-65E10A72191A} = {F8D574EC-2034-BAA2-0075-1D95ACCE3974}
		{C58B4FAD-ED44-F824-2A4A-5BEA85A9C98C} = {3D9F27ED-5D62-4BBB-8D99-2073FCEC5C27}
		{3F652959-3607-41C7-9952-A68356A6EA18} = {C58B4FAD-ED44-F824-2A4A-5BEA85A9C98C}
	EndGlobalSection
EndGlobal
