
Microsoft Visual Studio Solution File, Format Version 12.00
# Visual Studio Version 17
VisualStudioVersion = 17.0.31903.59
MinimumVisualStudioVersion = 10.0.40219.1
Project("{2150E333-8FDC-42A3-9474-1A3956D46DE8}") = "templates", "templates", "{808186BE-9BD0-DD1D-D574-36EEAD1E7F8F}"
EndProject
Project("{2150E333-8FDC-42A3-9474-1A3956D46DE8}") = "library", "library", "{9BE48AF4-609A-9A7C-25A1-067F3852CB4B}"
EndProject
Project("{2150E333-8FDC-42A3-9474-1A3956D46DE8}") = "src", "src", "{D3076678-EA90-D3C4-3E13-17B0BFE7AA5C}"
EndProject
Project("{FAE04EC0-301F-11D3-BF4B-00C04F79EFBC}") = "Kadense.Templates.Library", "templates\library\src\Kadense.Templates.Library.csproj", "{7BC6CE67-546E-4C88-AD5F-FC5F5E756236}"
EndProject
Project("{2150E333-8FDC-42A3-9474-1A3956D46DE8}") = "test", "test", "{5529564B-A1F8-A9C4-B2E1-9269A5F73A7D}"
EndProject
Project("{FAE04EC0-301F-11D3-BF4B-00C04F79EFBC}") = "Kadense.Templates.Library.Tests", "templates\library\test\Kadense.Templates.Library.Tests.csproj", "{04A5E272-2780-47AD-A3A7-978995B7C6CF}"
EndProject
Project("{2150E333-8FDC-42A3-9474-1A3956D46DE8}") = "components", "components", "{F30895DC-C3AC-FF44-FFF8-D51D98AE1B61}"
EndProject
Project("{2150E333-8FDC-42A3-9474-1A3956D46DE8}") = "Models.Kubernetes", "Models.Kubernetes", "{3D9F27ED-5D62-4BBB-8D99-2073FCEC5C27}"
EndProject
Project("{2150E333-8FDC-42A3-9474-1A3956D46DE8}") = "src", "src", "{F8D574EC-2034-BAA2-0075-1D95ACCE3974}"
EndProject
Project("{FAE04EC0-301F-11D3-BF4B-00C04F79EFBC}") = "Kadense.Models.Kubernetes", "components\Models.Kubernetes\src\Kadense.Models.Kubernetes.csproj", "{5CFA4DAA-DA97-4F14-BC66-65E10A72191A}"
EndProject
Project("{2150E333-8FDC-42A3-9474-1A3956D46DE8}") = "test", "test", "{C58B4FAD-ED44-F824-2A4A-5BEA85A9C98C}"
EndProject
Project("{FAE04EC0-301F-11D3-BF4B-00C04F79EFBC}") = "Kadense.Models.Kubernetes.Tests", "components\Models.Kubernetes\test\Kadense.Models.Kubernetes.Tests.csproj", "{3F652959-3607-41C7-9952-A68356A6EA18}"
EndProject
Project("{2150E333-8FDC-42A3-9474-1A3956D46DE8}") = "Models.Jupyternetes", "Models.Jupyternetes", "{98B25214-3921-4AAF-B052-93D1D4A6702D}"
EndProject
Project("{FAE04EC0-301F-11D3-BF4B-00C04F79EFBC}") = "Kadense.Models.Jupyternetes", "components\Models.Jupyternetes\src\Kadense.Models.Jupyternetes.csproj", "{047160AE-C00C-4B02-8B1F-5738ECC85371}"
EndProject
Project("{FAE04EC0-301F-11D3-BF4B-00C04F79EFBC}") = "Kadense.Models.Jupyternetes.Tests", "components\Models.Jupyternetes\test\Kadense.Models.Jupyternetes.Tests.csproj", "{70F7F76D-CF57-4F73-A493-60FCE2286D8A}"
EndProject
Project("{2150E333-8FDC-42A3-9474-1A3956D46DE8}") = "Client.Kubernetes", "Client.Kubernetes", "{D2B124C6-E54F-4167-B9EF-F60C41E7A4CD}"
EndProject
Project("{FAE04EC0-301F-11D3-BF4B-00C04F79EFBC}") = "Kadense.Client.Kubernetes", "components\Client.Kubernetes\src\Kadense.Client.Kubernetes.csproj", "{C5BC850F-CAE1-408D-9735-149661BE663C}"
EndProject
Project("{FAE04EC0-301F-11D3-BF4B-00C04F79EFBC}") = "Kadense.Client.Kubernetes.Tests", "components\Client.Kubernetes\test\Kadense.Client.Kubernetes.Tests.csproj", "{24FF8092-BA6F-48C7-B9BE-DBBBE306CED9}"
EndProject
Project("{2150E333-8FDC-42A3-9474-1A3956D46DE8}") = "Testing", "Testing", "{422ED529-E9E6-4EF3-9B66-F5DBECEF79A4}"
EndProject
Project("{FAE04EC0-301F-11D3-BF4B-00C04F79EFBC}") = "Kadense.Testing", "components\Testing\src\Kadense.Testing.csproj", "{1B0EBFD4-FD84-4240-A410-8B3A8C545742}"
EndProject
Project("{FAE04EC0-301F-11D3-BF4B-00C04F79EFBC}") = "Kadense.Testing.Tests", "components\Testing\test\Kadense.Testing.Tests.csproj", "{26119A13-D182-4A38-BF93-A6489094E469}"
EndProject
Project("{2150E333-8FDC-42A3-9474-1A3956D46DE8}") = "kadense-operator", "kadense-operator", "{68CE5C36-D03D-473F-89F2-6FA0F9F46428}"
EndProject
Project("{FAE04EC0-301F-11D3-BF4B-00C04F79EFBC}") = "Kadense.Template.Operator", "templates\kadense-operator\src\Kadense.Template.Operator.csproj", "{B1D33B3A-173C-450A-A8F2-227A611D4524}"
EndProject
Project("{FAE04EC0-301F-11D3-BF4B-00C04F79EFBC}") = "Kadense.Template.Operator.Tests", "templates\kadense-operator\test\Kadense.Template.Operator.Tests.csproj", "{FD60827B-E6F4-4C40-8331-5E745E8A0165}"
EndProject
Project("{2150E333-8FDC-42A3-9474-1A3956D46DE8}") = "operators", "operators", "{8D95823F-B83F-4C08-842C-4F95384DE3B7}"
EndProject
Project("{2150E333-8FDC-42A3-9474-1A3956D46DE8}") = "Jupyternetes.Pods.Operator", "Jupyternetes.Pods.Operator", "{312DA720-ED3B-4259-AE15-4BFC1FE55A30}"
EndProject
Project("{FAE04EC0-301F-11D3-BF4B-00C04F79EFBC}") = "Kadense.Jupyternetes.Pods.Operator", "operators\Jupyternetes.Pods.Operator\src\Kadense.Jupyternetes.Pods.Operator.csproj", "{AC663A63-BF4F-45F0-8EE7-5433B15C50F9}"
EndProject
Project("{2150E333-8FDC-42A3-9474-1A3956D46DE8}") = "Logging", "Logging", "{59771CB4-C3C6-4666-8B27-41AD321F658C}"
EndProject
Project("{FAE04EC0-301F-11D3-BF4B-00C04F79EFBC}") = "Kadense.Logging", "components\Logging\src\Kadense.Logging.csproj", "{9AE3E15F-8D24-4092-A7C2-3131E9FD2960}"
EndProject
Project("{FAE04EC0-301F-11D3-BF4B-00C04F79EFBC}") = "Kadense.Logging.Tests", "components\Logging\test\Kadense.Logging.Tests.csproj", "{BD5DA30E-73FE-4FE1-BA2F-2AD8A5AE1BE6}"
EndProject
Project("{FAE04EC0-301F-11D3-BF4B-00C04F79EFBC}") = "Kadense.Jupyternetes.Pods.Operator.Tests", "operators\Jupyternetes.Pods.Operator\test\Kadense.Jupyternetes.Pods.Operator.Tests.csproj", "{E1BAB0B5-0FB4-4D01-8E32-7A5C4B46CB7F}"
EndProject
Project("{2150E333-8FDC-42A3-9474-1A3956D46DE8}") = "Jupyternetes.Pvcs.Operator", "Jupyternetes.Pvcs.Operator", "{C5728024-DF9C-4D14-A7B5-1B681771B961}"
EndProject
Project("{FAE04EC0-301F-11D3-BF4B-00C04F79EFBC}") = "Kadense.Jupyternetes.Pvcs.Operator", "operators\Jupyternetes.Pvcs.Operator\src\Kadense.Jupyternetes.Pvcs.Operator.csproj", "{85EF5F21-B925-4EE2-A98D-A84ED364BA07}"
EndProject
Project("{FAE04EC0-301F-11D3-BF4B-00C04F79EFBC}") = "Kadense.Jupyternetes.Pvcs.Operator.Tests", "operators\Jupyternetes.Pvcs.Operator\test\Kadense.Jupyternetes.Pvcs.Operator.Tests.csproj", "{8F2641CF-AD14-4853-AD33-5A2DFF083F2B}"
EndProject
Project("{2150E333-8FDC-42A3-9474-1A3956D46DE8}") = "Jupyternetes.Watchers", "Jupyternetes.Watchers", "{9263A868-E162-4B55-9796-D6698F2182ED}"
EndProject
Project("{FAE04EC0-301F-11D3-BF4B-00C04F79EFBC}") = "Kadense.Jupyternetes.Watchers", "components\Jupyternetes.Watchers\src\Kadense.Jupyternetes.Watchers.csproj", "{FC4CF4C3-0F01-4DB3-88FA-51BFD50534E4}"
EndProject
Project("{FAE04EC0-301F-11D3-BF4B-00C04F79EFBC}") = "Kadense.Jupyternetes.Watchers.Tests", "components\Jupyternetes.Watchers\test\Kadense.Jupyternetes.Watchers.Tests.csproj", "{88C9C01A-DBEA-41F7-9A92-C69ACCD72C56}"
EndProject
Project("{2150E333-8FDC-42A3-9474-1A3956D46DE8}") = "cli", "cli", "{DE13770C-C1A1-42BF-9E0E-166E5B020D82}"
EndProject
Project("{2150E333-8FDC-42A3-9474-1A3956D46DE8}") = "CustomResourceDefinition.Generator", "CustomResourceDefinition.Generator", "{2C8FB3F0-8B5D-4D27-BB7D-41E287B11A9A}"
EndProject
Project("{FAE04EC0-301F-11D3-BF4B-00C04F79EFBC}") = "Kadense.CustomResourceDefinition.Generator", "cli\CustomResourceDefinition.Generator\src\Kadense.CustomResourceDefinition.Generator.csproj", "{18E90768-392E-45A1-9CE8-93668B60C434}"
EndProject
Project("{2150E333-8FDC-42A3-9474-1A3956D46DE8}") = "Jupyternetes.PodStatus.Operator", "Jupyternetes.PodStatus.Operator", "{09D762F2-3BC4-43EB-9B21-ED2C57B28A28}"
EndProject
Project("{FAE04EC0-301F-11D3-BF4B-00C04F79EFBC}") = "Kadense.Jupyternetes.PodStatus.Operator", "operators\Jupyternetes.PodStatus.Operator\src\Kadense.Jupyternetes.PodStatus.Operator.csproj", "{A7C88A12-B796-4A0D-969E-7E4D053C21BA}"
EndProject
Project("{FAE04EC0-301F-11D3-BF4B-00C04F79EFBC}") = "Kadense.Jupyternetes.PodStatus.Operator.Tests", "operators\Jupyternetes.PodStatus.Operator\test\Kadense.Jupyternetes.PodStatus.Operator.Tests.csproj", "{06DDC8E4-7558-4E9E-B724-D646976358FD}"
EndProject
Project("{2150E333-8FDC-42A3-9474-1A3956D46DE8}") = "Models.Malleable", "Models.Malleable", "{FCC1D59D-7844-4A14-9ECF-58578678EC06}"
EndProject
Project("{FAE04EC0-301F-11D3-BF4B-00C04F79EFBC}") = "Kadense.Models.Malleable", "components\Models.Malleable\src\Kadense.Models.Malleable.csproj", "{A3522862-178A-451A-BACC-0EA5DA521D50}"
EndProject
Project("{FAE04EC0-301F-11D3-BF4B-00C04F79EFBC}") = "Kadense.Models.Malleable.Tests", "components\Models.Malleable\test\Kadense.Models.Malleable.Tests.csproj", "{522FAA11-E6EF-4571-AD3F-E06DE05103EA}"
EndProject
Project("{2150E333-8FDC-42A3-9474-1A3956D46DE8}") = "Malleable.Reflection", "Malleable.Reflection", "{572A3BE8-2D02-4D2D-8379-0C27AB483CBB}"
EndProject
Project("{FAE04EC0-301F-11D3-BF4B-00C04F79EFBC}") = "Kadense.Malleable.Reflection", "components\Malleable.Reflection\src\Kadense.Malleable.Reflection.csproj", "{20A91030-7010-4D04-A8DF-BF8786B8C6B7}"
EndProject
Project("{FAE04EC0-301F-11D3-BF4B-00C04F79EFBC}") = "Kadense.Malleable.Reflection.Tests", "components\Malleable.Reflection\test\Kadense.Malleable.Reflection.Tests.csproj", "{33D4CBA0-B73D-44CE-9E71-CD3E8D1BA7C9}"
EndProject
Project("{2150E333-8FDC-42A3-9474-1A3956D46DE8}") = "Malleable.API", "Malleable.API", "{4E2B527C-C303-487F-8DC7-F5EEC0A7E3C6}"
EndProject
Project("{FAE04EC0-301F-11D3-BF4B-00C04F79EFBC}") = "Kadense.Malleable.API", "components\Malleable.API\src\Kadense.Malleable.API.csproj", "{DAC07353-EB8E-43DF-92F3-BD679778F2A7}"
EndProject
Project("{FAE04EC0-301F-11D3-BF4B-00C04F79EFBC}") = "Kadense.Malleable.API.Tests", "components\Malleable.API\test\Kadense.Malleable.API.Tests.csproj", "{0210DB6D-AA2D-40A8-B58A-4527246F52D5}"
EndProject
Project("{2150E333-8FDC-42A3-9474-1A3956D46DE8}") = "Malleable.Workflow", "Malleable.Workflow", "{7BA964FC-3816-4DD5-9E4F-E0EBD8C2F9E2}"
EndProject
Project("{FAE04EC0-301F-11D3-BF4B-00C04F79EFBC}") = "Kadense.Malleable.Workflow", "components\Malleable.Workflow\src\Kadense.Malleable.Workflow.csproj", "{CE307773-B30E-4F93-83F0-4A22FCF4CA68}"
EndProject
Project("{FAE04EC0-301F-11D3-BF4B-00C04F79EFBC}") = "Kadense.Malleable.Workflow.Tests", "components\Malleable.Workflow\test\Kadense.Malleable.Workflow.Tests.csproj", "{8EE9E7FF-178B-45BA-A7A5-FD31D578E40A}"
EndProject
Project("{2150E333-8FDC-42A3-9474-1A3956D46DE8}") = "Malleable.Workflow.RabbitMQ", "Malleable.Workflow.RabbitMQ", "{5B4B299F-A5A3-4E92-9DCB-B950C566CE61}"
EndProject
Project("{FAE04EC0-301F-11D3-BF4B-00C04F79EFBC}") = "Kadense.Malleable.Workflow.RabbitMQ", "components\Malleable.Workflow.RabbitMQ\src\Kadense.Malleable.Workflow.RabbitMQ.csproj", "{236A6191-CB72-4DD7-988E-9F8A3CDED48F}"
EndProject
Project("{FAE04EC0-301F-11D3-BF4B-00C04F79EFBC}") = "Kadense.Malleable.Workflow.RabbitMQ.Tests", "components\Malleable.Workflow.RabbitMQ\test\Kadense.Malleable.Workflow.RabbitMQ.Tests.csproj", "{14F1F380-5BE5-4D90-ADF4-0FE8478E0D9E}"
EndProject
Project("{2150E333-8FDC-42A3-9474-1A3956D46DE8}") = "Malleable.Storage", "Malleable.Storage", "{E92762CE-DBAF-4101-BE97-D17778DDE482}"
EndProject
Project("{FAE04EC0-301F-11D3-BF4B-00C04F79EFBC}") = "Kadense.Malleable.Storage", "components\Malleable.Storage\src\Kadense.Malleable.Storage.csproj", "{8C449567-A535-4F30-8774-61C4572307D6}"
EndProject
Project("{FAE04EC0-301F-11D3-BF4B-00C04F79EFBC}") = "Kadense.Malleable.Storage.Tests", "components\Malleable.Storage\test\Kadense.Malleable.Storage.Tests.csproj", "{EB598F74-2EF3-403E-8A5A-672F2DEA7519}"
EndProject
Project("{2150E333-8FDC-42A3-9474-1A3956D46DE8}") = "Malleable.Workflow.NHS", "Malleable.Workflow.NHS", "{63D0CC3D-81CD-4CFD-8044-CA14F0EC5FD1}"
EndProject
Project("{FAE04EC0-301F-11D3-BF4B-00C04F79EFBC}") = "Kadense.Malleable.Workflow.NHS", "components\Malleable.Workflow.NHS\src\Kadense.Malleable.Workflow.NHS.csproj", "{F029EB32-626F-4582-BB4D-1EE3E6C36CCA}"
EndProject
Project("{FAE04EC0-301F-11D3-BF4B-00C04F79EFBC}") = "Kadense.Malleable.Workflow.NHS.Tests", "components\Malleable.Workflow.NHS\test\Kadense.Malleable.Workflow.NHS.Tests.csproj", "{E23DDE06-6DA3-4CCA-83B2-7C22C6E88622}"
EndProject
Project("{2150E333-8FDC-42A3-9474-1A3956D46DE8}") = "MalleableModels.Generator", "MalleableModels.Generator", "{982BBDD4-1A17-490F-90A2-B59AFAEB5793}"
EndProject
Project("{FAE04EC0-301F-11D3-BF4B-00C04F79EFBC}") = "Kadense.MalleableModels.Generator", "cli\MalleableModels.Generator\src\Kadense.MalleableModels.Generator.csproj", "{34BFFB5D-0F8D-465C-A388-638E5F8D5157}"
EndProject
Project("{2150E333-8FDC-42A3-9474-1A3956D46DE8}") = "Web.Security", "Web.Security", "{13DC59FB-B1AA-4A47-89FD-F978AF0C2F08}"
EndProject
Project("{FAE04EC0-301F-11D3-BF4B-00C04F79EFBC}") = "Kadense.Web.Security", "components\Web.Security\src\Kadense.Web.Security.csproj", "{AF427B6A-2CD2-4366-AE12-1F3C63BA0FAC}"
EndProject
Project("{FAE04EC0-301F-11D3-BF4B-00C04F79EFBC}") = "Kadense.Web.Security.Tests", "components\Web.Security\test\Kadense.Web.Security.Tests.csproj", "{69E95976-0752-48A0-A3BD-6747278A9630}"
EndProject
Project("{2150E333-8FDC-42A3-9474-1A3956D46DE8}") = "Malleable.Workflow.Email", "Malleable.Workflow.Email", "{478B8E69-EF42-420D-9CC5-45290B97C7E2}"
EndProject
Project("{FAE04EC0-301F-11D3-BF4B-00C04F79EFBC}") = "Kadense.Malleable.Workflow.Email", "components\Malleable.Workflow.Email\src\Kadense.Malleable.Workflow.Email.csproj", "{2B282575-CD27-48EC-83D3-27B1EEE6C042}"
EndProject
Project("{FAE04EC0-301F-11D3-BF4B-00C04F79EFBC}") = "Kadense.Malleable.Workflow.Email.Tests", "components\Malleable.Workflow.Email\test\Kadense.Malleable.Workflow.Email.Tests.csproj", "{C161C0A2-C8A7-4668-B0DE-72612169AAA7}"
EndProject
Project("{2150E333-8FDC-42A3-9474-1A3956D46DE8}") = "Malleable.Workflow.Email.AzureECS", "Malleable.Workflow.Email.AzureECS", "{38F0CA91-4BE4-4F23-BDAC-CC1CF1CAF15D}"
EndProject
Project("{FAE04EC0-301F-11D3-BF4B-00C04F79EFBC}") = "Kadense.Malleable.Workflow.Email.AzureECS", "components\Malleable.Workflow.Email.AzureECS\src\Kadense.Malleable.Workflow.Email.AzureECS.csproj", "{BB38EE44-8B73-4267-BC8D-7D4E9CDD4B6F}"
EndProject
Project("{FAE04EC0-301F-11D3-BF4B-00C04F79EFBC}") = "Kadense.Malleable.Workflow.Email.AzureECS.Tests", "components\Malleable.Workflow.Email.AzureECS\test\Kadense.Malleable.Workflow.Email.AzureECS.Tests.csproj", "{884E9ACE-1FCE-4199-84CD-72D790BD77A9}"
EndProject
Project("{2150E333-8FDC-42A3-9474-1A3956D46DE8}") = "Malleable.Workflow.Email.AmazonSES", "Malleable.Workflow.Email.AmazonSES", "{F21DC8B6-65B2-40BF-A5B9-F690D420430D}"
EndProject
Project("{FAE04EC0-301F-11D3-BF4B-00C04F79EFBC}") = "Kadense.Malleable.Workflow.Email.AmazonSES", "components\Malleable.Workflow.Email.AmazonSES\src\Kadense.Malleable.Workflow.Email.AmazonSES.csproj", "{2534DF26-0D55-44F6-9342-20663F0EE9C3}"
EndProject
Project("{FAE04EC0-301F-11D3-BF4B-00C04F79EFBC}") = "Kadense.Malleable.Workflow.Email.AmazonSES.Tests", "components\Malleable.Workflow.Email.AmazonSES\test\Kadense.Malleable.Workflow.Email.AmazonSES.Tests.csproj", "{5DBE6797-8FC3-49A1-8BC5-1A4803796B6C}"
EndProject
Global
	GlobalSection(SolutionConfigurationPlatforms) = preSolution
		Debug|Any CPU = Debug|Any CPU
		Debug|x64 = Debug|x64
		Debug|x86 = Debug|x86
		Release|Any CPU = Release|Any CPU
		Release|x64 = Release|x64
		Release|x86 = Release|x86
	EndGlobalSection
	GlobalSection(ProjectConfigurationPlatforms) = postSolution
		{7BC6CE67-546E-4C88-AD5F-FC5F5E756236}.Debug|Any CPU.ActiveCfg = Debug|Any CPU
		{7BC6CE67-546E-4C88-AD5F-FC5F5E756236}.Debug|Any CPU.Build.0 = Debug|Any CPU
		{7BC6CE67-546E-4C88-AD5F-FC5F5E756236}.Debug|x64.ActiveCfg = Debug|Any CPU
		{7BC6CE67-546E-4C88-AD5F-FC5F5E756236}.Debug|x64.Build.0 = Debug|Any CPU
		{7BC6CE67-546E-4C88-AD5F-FC5F5E756236}.Debug|x86.ActiveCfg = Debug|Any CPU
		{7BC6CE67-546E-4C88-AD5F-FC5F5E756236}.Debug|x86.Build.0 = Debug|Any CPU
		{7BC6CE67-546E-4C88-AD5F-FC5F5E756236}.Release|Any CPU.ActiveCfg = Release|Any CPU
		{7BC6CE67-546E-4C88-AD5F-FC5F5E756236}.Release|Any CPU.Build.0 = Release|Any CPU
		{7BC6CE67-546E-4C88-AD5F-FC5F5E756236}.Release|x64.ActiveCfg = Release|Any CPU
		{7BC6CE67-546E-4C88-AD5F-FC5F5E756236}.Release|x64.Build.0 = Release|Any CPU
		{7BC6CE67-546E-4C88-AD5F-FC5F5E756236}.Release|x86.ActiveCfg = Release|Any CPU
		{7BC6CE67-546E-4C88-AD5F-FC5F5E756236}.Release|x86.Build.0 = Release|Any CPU
		{04A5E272-2780-47AD-A3A7-978995B7C6CF}.Debug|Any CPU.ActiveCfg = Debug|Any CPU
		{04A5E272-2780-47AD-A3A7-978995B7C6CF}.Debug|Any CPU.Build.0 = Debug|Any CPU
		{04A5E272-2780-47AD-A3A7-978995B7C6CF}.Debug|x64.ActiveCfg = Debug|Any CPU
		{04A5E272-2780-47AD-A3A7-978995B7C6CF}.Debug|x64.Build.0 = Debug|Any CPU
		{04A5E272-2780-47AD-A3A7-978995B7C6CF}.Debug|x86.ActiveCfg = Debug|Any CPU
		{04A5E272-2780-47AD-A3A7-978995B7C6CF}.Debug|x86.Build.0 = Debug|Any CPU
		{04A5E272-2780-47AD-A3A7-978995B7C6CF}.Release|Any CPU.ActiveCfg = Release|Any CPU
		{04A5E272-2780-47AD-A3A7-978995B7C6CF}.Release|Any CPU.Build.0 = Release|Any CPU
		{04A5E272-2780-47AD-A3A7-978995B7C6CF}.Release|x64.ActiveCfg = Release|Any CPU
		{04A5E272-2780-47AD-A3A7-978995B7C6CF}.Release|x64.Build.0 = Release|Any CPU
		{04A5E272-2780-47AD-A3A7-978995B7C6CF}.Release|x86.ActiveCfg = Release|Any CPU
		{04A5E272-2780-47AD-A3A7-978995B7C6CF}.Release|x86.Build.0 = Release|Any CPU
		{5CFA4DAA-DA97-4F14-BC66-65E10A72191A}.Debug|Any CPU.ActiveCfg = Debug|Any CPU
		{5CFA4DAA-DA97-4F14-BC66-65E10A72191A}.Debug|Any CPU.Build.0 = Debug|Any CPU
		{5CFA4DAA-DA97-4F14-BC66-65E10A72191A}.Debug|x64.ActiveCfg = Debug|Any CPU
		{5CFA4DAA-DA97-4F14-BC66-65E10A72191A}.Debug|x64.Build.0 = Debug|Any CPU
		{5CFA4DAA-DA97-4F14-BC66-65E10A72191A}.Debug|x86.ActiveCfg = Debug|Any CPU
		{5CFA4DAA-DA97-4F14-BC66-65E10A72191A}.Debug|x86.Build.0 = Debug|Any CPU
		{5CFA4DAA-DA97-4F14-BC66-65E10A72191A}.Release|Any CPU.ActiveCfg = Release|Any CPU
		{5CFA4DAA-DA97-4F14-BC66-65E10A72191A}.Release|Any CPU.Build.0 = Release|Any CPU
		{5CFA4DAA-DA97-4F14-BC66-65E10A72191A}.Release|x64.ActiveCfg = Release|Any CPU
		{5CFA4DAA-DA97-4F14-BC66-65E10A72191A}.Release|x64.Build.0 = Release|Any CPU
		{5CFA4DAA-DA97-4F14-BC66-65E10A72191A}.Release|x86.ActiveCfg = Release|Any CPU
		{5CFA4DAA-DA97-4F14-BC66-65E10A72191A}.Release|x86.Build.0 = Release|Any CPU
		{3F652959-3607-41C7-9952-A68356A6EA18}.Debug|Any CPU.ActiveCfg = Debug|Any CPU
		{3F652959-3607-41C7-9952-A68356A6EA18}.Debug|Any CPU.Build.0 = Debug|Any CPU
		{3F652959-3607-41C7-9952-A68356A6EA18}.Debug|x64.ActiveCfg = Debug|Any CPU
		{3F652959-3607-41C7-9952-A68356A6EA18}.Debug|x64.Build.0 = Debug|Any CPU
		{3F652959-3607-41C7-9952-A68356A6EA18}.Debug|x86.ActiveCfg = Debug|Any CPU
		{3F652959-3607-41C7-9952-A68356A6EA18}.Debug|x86.Build.0 = Debug|Any CPU
		{3F652959-3607-41C7-9952-A68356A6EA18}.Release|Any CPU.ActiveCfg = Release|Any CPU
		{3F652959-3607-41C7-9952-A68356A6EA18}.Release|Any CPU.Build.0 = Release|Any CPU
		{3F652959-3607-41C7-9952-A68356A6EA18}.Release|x64.ActiveCfg = Release|Any CPU
		{3F652959-3607-41C7-9952-A68356A6EA18}.Release|x64.Build.0 = Release|Any CPU
		{3F652959-3607-41C7-9952-A68356A6EA18}.Release|x86.ActiveCfg = Release|Any CPU
		{3F652959-3607-41C7-9952-A68356A6EA18}.Release|x86.Build.0 = Release|Any CPU
		{047160AE-C00C-4B02-8B1F-5738ECC85371}.Debug|Any CPU.ActiveCfg = Debug|Any CPU
		{047160AE-C00C-4B02-8B1F-5738ECC85371}.Debug|Any CPU.Build.0 = Debug|Any CPU
		{047160AE-C00C-4B02-8B1F-5738ECC85371}.Debug|x64.ActiveCfg = Debug|Any CPU
		{047160AE-C00C-4B02-8B1F-5738ECC85371}.Debug|x64.Build.0 = Debug|Any CPU
		{047160AE-C00C-4B02-8B1F-5738ECC85371}.Debug|x86.ActiveCfg = Debug|Any CPU
		{047160AE-C00C-4B02-8B1F-5738ECC85371}.Debug|x86.Build.0 = Debug|Any CPU
		{047160AE-C00C-4B02-8B1F-5738ECC85371}.Release|Any CPU.ActiveCfg = Release|Any CPU
		{047160AE-C00C-4B02-8B1F-5738ECC85371}.Release|Any CPU.Build.0 = Release|Any CPU
		{047160AE-C00C-4B02-8B1F-5738ECC85371}.Release|x64.ActiveCfg = Release|Any CPU
		{047160AE-C00C-4B02-8B1F-5738ECC85371}.Release|x64.Build.0 = Release|Any CPU
		{047160AE-C00C-4B02-8B1F-5738ECC85371}.Release|x86.ActiveCfg = Release|Any CPU
		{047160AE-C00C-4B02-8B1F-5738ECC85371}.Release|x86.Build.0 = Release|Any CPU
		{70F7F76D-CF57-4F73-A493-60FCE2286D8A}.Debug|Any CPU.ActiveCfg = Debug|Any CPU
		{70F7F76D-CF57-4F73-A493-60FCE2286D8A}.Debug|Any CPU.Build.0 = Debug|Any CPU
		{70F7F76D-CF57-4F73-A493-60FCE2286D8A}.Debug|x64.ActiveCfg = Debug|Any CPU
		{70F7F76D-CF57-4F73-A493-60FCE2286D8A}.Debug|x64.Build.0 = Debug|Any CPU
		{70F7F76D-CF57-4F73-A493-60FCE2286D8A}.Debug|x86.ActiveCfg = Debug|Any CPU
		{70F7F76D-CF57-4F73-A493-60FCE2286D8A}.Debug|x86.Build.0 = Debug|Any CPU
		{70F7F76D-CF57-4F73-A493-60FCE2286D8A}.Release|Any CPU.ActiveCfg = Release|Any CPU
		{70F7F76D-CF57-4F73-A493-60FCE2286D8A}.Release|Any CPU.Build.0 = Release|Any CPU
		{70F7F76D-CF57-4F73-A493-60FCE2286D8A}.Release|x64.ActiveCfg = Release|Any CPU
		{70F7F76D-CF57-4F73-A493-60FCE2286D8A}.Release|x64.Build.0 = Release|Any CPU
		{70F7F76D-CF57-4F73-A493-60FCE2286D8A}.Release|x86.ActiveCfg = Release|Any CPU
		{70F7F76D-CF57-4F73-A493-60FCE2286D8A}.Release|x86.Build.0 = Release|Any CPU
		{C5BC850F-CAE1-408D-9735-149661BE663C}.Debug|Any CPU.ActiveCfg = Debug|Any CPU
		{C5BC850F-CAE1-408D-9735-149661BE663C}.Debug|Any CPU.Build.0 = Debug|Any CPU
		{C5BC850F-CAE1-408D-9735-149661BE663C}.Debug|x64.ActiveCfg = Debug|Any CPU
		{C5BC850F-CAE1-408D-9735-149661BE663C}.Debug|x64.Build.0 = Debug|Any CPU
		{C5BC850F-CAE1-408D-9735-149661BE663C}.Debug|x86.ActiveCfg = Debug|Any CPU
		{C5BC850F-CAE1-408D-9735-149661BE663C}.Debug|x86.Build.0 = Debug|Any CPU
		{C5BC850F-CAE1-408D-9735-149661BE663C}.Release|Any CPU.ActiveCfg = Release|Any CPU
		{C5BC850F-CAE1-408D-9735-149661BE663C}.Release|Any CPU.Build.0 = Release|Any CPU
		{C5BC850F-CAE1-408D-9735-149661BE663C}.Release|x64.ActiveCfg = Release|Any CPU
		{C5BC850F-CAE1-408D-9735-149661BE663C}.Release|x64.Build.0 = Release|Any CPU
		{C5BC850F-CAE1-408D-9735-149661BE663C}.Release|x86.ActiveCfg = Release|Any CPU
		{C5BC850F-CAE1-408D-9735-149661BE663C}.Release|x86.Build.0 = Release|Any CPU
		{24FF8092-BA6F-48C7-B9BE-DBBBE306CED9}.Debug|Any CPU.ActiveCfg = Debug|Any CPU
		{24FF8092-BA6F-48C7-B9BE-DBBBE306CED9}.Debug|Any CPU.Build.0 = Debug|Any CPU
		{24FF8092-BA6F-48C7-B9BE-DBBBE306CED9}.Debug|x64.ActiveCfg = Debug|Any CPU
		{24FF8092-BA6F-48C7-B9BE-DBBBE306CED9}.Debug|x64.Build.0 = Debug|Any CPU
		{24FF8092-BA6F-48C7-B9BE-DBBBE306CED9}.Debug|x86.ActiveCfg = Debug|Any CPU
		{24FF8092-BA6F-48C7-B9BE-DBBBE306CED9}.Debug|x86.Build.0 = Debug|Any CPU
		{24FF8092-BA6F-48C7-B9BE-DBBBE306CED9}.Release|Any CPU.ActiveCfg = Release|Any CPU
		{24FF8092-BA6F-48C7-B9BE-DBBBE306CED9}.Release|Any CPU.Build.0 = Release|Any CPU
		{24FF8092-BA6F-48C7-B9BE-DBBBE306CED9}.Release|x64.ActiveCfg = Release|Any CPU
		{24FF8092-BA6F-48C7-B9BE-DBBBE306CED9}.Release|x64.Build.0 = Release|Any CPU
		{24FF8092-BA6F-48C7-B9BE-DBBBE306CED9}.Release|x86.ActiveCfg = Release|Any CPU
		{24FF8092-BA6F-48C7-B9BE-DBBBE306CED9}.Release|x86.Build.0 = Release|Any CPU
		{1B0EBFD4-FD84-4240-A410-8B3A8C545742}.Debug|Any CPU.ActiveCfg = Debug|Any CPU
		{1B0EBFD4-FD84-4240-A410-8B3A8C545742}.Debug|Any CPU.Build.0 = Debug|Any CPU
		{1B0EBFD4-FD84-4240-A410-8B3A8C545742}.Debug|x64.ActiveCfg = Debug|Any CPU
		{1B0EBFD4-FD84-4240-A410-8B3A8C545742}.Debug|x64.Build.0 = Debug|Any CPU
		{1B0EBFD4-FD84-4240-A410-8B3A8C545742}.Debug|x86.ActiveCfg = Debug|Any CPU
		{1B0EBFD4-FD84-4240-A410-8B3A8C545742}.Debug|x86.Build.0 = Debug|Any CPU
		{1B0EBFD4-FD84-4240-A410-8B3A8C545742}.Release|Any CPU.ActiveCfg = Release|Any CPU
		{1B0EBFD4-FD84-4240-A410-8B3A8C545742}.Release|Any CPU.Build.0 = Release|Any CPU
		{1B0EBFD4-FD84-4240-A410-8B3A8C545742}.Release|x64.ActiveCfg = Release|Any CPU
		{1B0EBFD4-FD84-4240-A410-8B3A8C545742}.Release|x64.Build.0 = Release|Any CPU
		{1B0EBFD4-FD84-4240-A410-8B3A8C545742}.Release|x86.ActiveCfg = Release|Any CPU
		{1B0EBFD4-FD84-4240-A410-8B3A8C545742}.Release|x86.Build.0 = Release|Any CPU
		{26119A13-D182-4A38-BF93-A6489094E469}.Debug|Any CPU.ActiveCfg = Debug|Any CPU
		{26119A13-D182-4A38-BF93-A6489094E469}.Debug|Any CPU.Build.0 = Debug|Any CPU
		{26119A13-D182-4A38-BF93-A6489094E469}.Debug|x64.ActiveCfg = Debug|Any CPU
		{26119A13-D182-4A38-BF93-A6489094E469}.Debug|x64.Build.0 = Debug|Any CPU
		{26119A13-D182-4A38-BF93-A6489094E469}.Debug|x86.ActiveCfg = Debug|Any CPU
		{26119A13-D182-4A38-BF93-A6489094E469}.Debug|x86.Build.0 = Debug|Any CPU
		{26119A13-D182-4A38-BF93-A6489094E469}.Release|Any CPU.ActiveCfg = Release|Any CPU
		{26119A13-D182-4A38-BF93-A6489094E469}.Release|Any CPU.Build.0 = Release|Any CPU
		{26119A13-D182-4A38-BF93-A6489094E469}.Release|x64.ActiveCfg = Release|Any CPU
		{26119A13-D182-4A38-BF93-A6489094E469}.Release|x64.Build.0 = Release|Any CPU
		{26119A13-D182-4A38-BF93-A6489094E469}.Release|x86.ActiveCfg = Release|Any CPU
		{26119A13-D182-4A38-BF93-A6489094E469}.Release|x86.Build.0 = Release|Any CPU
		{B1D33B3A-173C-450A-A8F2-227A611D4524}.Debug|Any CPU.ActiveCfg = Debug|Any CPU
		{B1D33B3A-173C-450A-A8F2-227A611D4524}.Debug|Any CPU.Build.0 = Debug|Any CPU
		{B1D33B3A-173C-450A-A8F2-227A611D4524}.Debug|x64.ActiveCfg = Debug|Any CPU
		{B1D33B3A-173C-450A-A8F2-227A611D4524}.Debug|x64.Build.0 = Debug|Any CPU
		{B1D33B3A-173C-450A-A8F2-227A611D4524}.Debug|x86.ActiveCfg = Debug|Any CPU
		{B1D33B3A-173C-450A-A8F2-227A611D4524}.Debug|x86.Build.0 = Debug|Any CPU
		{B1D33B3A-173C-450A-A8F2-227A611D4524}.Release|Any CPU.ActiveCfg = Release|Any CPU
		{B1D33B3A-173C-450A-A8F2-227A611D4524}.Release|Any CPU.Build.0 = Release|Any CPU
		{B1D33B3A-173C-450A-A8F2-227A611D4524}.Release|x64.ActiveCfg = Release|Any CPU
		{B1D33B3A-173C-450A-A8F2-227A611D4524}.Release|x64.Build.0 = Release|Any CPU
		{B1D33B3A-173C-450A-A8F2-227A611D4524}.Release|x86.ActiveCfg = Release|Any CPU
		{B1D33B3A-173C-450A-A8F2-227A611D4524}.Release|x86.Build.0 = Release|Any CPU
		{FD60827B-E6F4-4C40-8331-5E745E8A0165}.Debug|Any CPU.ActiveCfg = Debug|Any CPU
		{FD60827B-E6F4-4C40-8331-5E745E8A0165}.Debug|Any CPU.Build.0 = Debug|Any CPU
		{FD60827B-E6F4-4C40-8331-5E745E8A0165}.Debug|x64.ActiveCfg = Debug|Any CPU
		{FD60827B-E6F4-4C40-8331-5E745E8A0165}.Debug|x64.Build.0 = Debug|Any CPU
		{FD60827B-E6F4-4C40-8331-5E745E8A0165}.Debug|x86.ActiveCfg = Debug|Any CPU
		{FD60827B-E6F4-4C40-8331-5E745E8A0165}.Debug|x86.Build.0 = Debug|Any CPU
		{FD60827B-E6F4-4C40-8331-5E745E8A0165}.Release|Any CPU.ActiveCfg = Release|Any CPU
		{FD60827B-E6F4-4C40-8331-5E745E8A0165}.Release|Any CPU.Build.0 = Release|Any CPU
		{FD60827B-E6F4-4C40-8331-5E745E8A0165}.Release|x64.ActiveCfg = Release|Any CPU
		{FD60827B-E6F4-4C40-8331-5E745E8A0165}.Release|x64.Build.0 = Release|Any CPU
		{FD60827B-E6F4-4C40-8331-5E745E8A0165}.Release|x86.ActiveCfg = Release|Any CPU
		{FD60827B-E6F4-4C40-8331-5E745E8A0165}.Release|x86.Build.0 = Release|Any CPU
		{AC663A63-BF4F-45F0-8EE7-5433B15C50F9}.Debug|Any CPU.ActiveCfg = Debug|Any CPU
		{AC663A63-BF4F-45F0-8EE7-5433B15C50F9}.Debug|Any CPU.Build.0 = Debug|Any CPU
		{AC663A63-BF4F-45F0-8EE7-5433B15C50F9}.Debug|x64.ActiveCfg = Debug|Any CPU
		{AC663A63-BF4F-45F0-8EE7-5433B15C50F9}.Debug|x64.Build.0 = Debug|Any CPU
		{AC663A63-BF4F-45F0-8EE7-5433B15C50F9}.Debug|x86.ActiveCfg = Debug|Any CPU
		{AC663A63-BF4F-45F0-8EE7-5433B15C50F9}.Debug|x86.Build.0 = Debug|Any CPU
		{AC663A63-BF4F-45F0-8EE7-5433B15C50F9}.Release|Any CPU.ActiveCfg = Release|Any CPU
		{AC663A63-BF4F-45F0-8EE7-5433B15C50F9}.Release|Any CPU.Build.0 = Release|Any CPU
		{AC663A63-BF4F-45F0-8EE7-5433B15C50F9}.Release|x64.ActiveCfg = Release|Any CPU
		{AC663A63-BF4F-45F0-8EE7-5433B15C50F9}.Release|x64.Build.0 = Release|Any CPU
		{AC663A63-BF4F-45F0-8EE7-5433B15C50F9}.Release|x86.ActiveCfg = Release|Any CPU
		{AC663A63-BF4F-45F0-8EE7-5433B15C50F9}.Release|x86.Build.0 = Release|Any CPU
		{9AE3E15F-8D24-4092-A7C2-3131E9FD2960}.Debug|Any CPU.ActiveCfg = Debug|Any CPU
		{9AE3E15F-8D24-4092-A7C2-3131E9FD2960}.Debug|Any CPU.Build.0 = Debug|Any CPU
		{9AE3E15F-8D24-4092-A7C2-3131E9FD2960}.Debug|x64.ActiveCfg = Debug|Any CPU
		{9AE3E15F-8D24-4092-A7C2-3131E9FD2960}.Debug|x64.Build.0 = Debug|Any CPU
		{9AE3E15F-8D24-4092-A7C2-3131E9FD2960}.Debug|x86.ActiveCfg = Debug|Any CPU
		{9AE3E15F-8D24-4092-A7C2-3131E9FD2960}.Debug|x86.Build.0 = Debug|Any CPU
		{9AE3E15F-8D24-4092-A7C2-3131E9FD2960}.Release|Any CPU.ActiveCfg = Release|Any CPU
		{9AE3E15F-8D24-4092-A7C2-3131E9FD2960}.Release|Any CPU.Build.0 = Release|Any CPU
		{9AE3E15F-8D24-4092-A7C2-3131E9FD2960}.Release|x64.ActiveCfg = Release|Any CPU
		{9AE3E15F-8D24-4092-A7C2-3131E9FD2960}.Release|x64.Build.0 = Release|Any CPU
		{9AE3E15F-8D24-4092-A7C2-3131E9FD2960}.Release|x86.ActiveCfg = Release|Any CPU
		{9AE3E15F-8D24-4092-A7C2-3131E9FD2960}.Release|x86.Build.0 = Release|Any CPU
		{BD5DA30E-73FE-4FE1-BA2F-2AD8A5AE1BE6}.Debug|Any CPU.ActiveCfg = Debug|Any CPU
		{BD5DA30E-73FE-4FE1-BA2F-2AD8A5AE1BE6}.Debug|Any CPU.Build.0 = Debug|Any CPU
		{BD5DA30E-73FE-4FE1-BA2F-2AD8A5AE1BE6}.Debug|x64.ActiveCfg = Debug|Any CPU
		{BD5DA30E-73FE-4FE1-BA2F-2AD8A5AE1BE6}.Debug|x64.Build.0 = Debug|Any CPU
		{BD5DA30E-73FE-4FE1-BA2F-2AD8A5AE1BE6}.Debug|x86.ActiveCfg = Debug|Any CPU
		{BD5DA30E-73FE-4FE1-BA2F-2AD8A5AE1BE6}.Debug|x86.Build.0 = Debug|Any CPU
		{BD5DA30E-73FE-4FE1-BA2F-2AD8A5AE1BE6}.Release|Any CPU.ActiveCfg = Release|Any CPU
		{BD5DA30E-73FE-4FE1-BA2F-2AD8A5AE1BE6}.Release|Any CPU.Build.0 = Release|Any CPU
		{BD5DA30E-73FE-4FE1-BA2F-2AD8A5AE1BE6}.Release|x64.ActiveCfg = Release|Any CPU
		{BD5DA30E-73FE-4FE1-BA2F-2AD8A5AE1BE6}.Release|x64.Build.0 = Release|Any CPU
		{BD5DA30E-73FE-4FE1-BA2F-2AD8A5AE1BE6}.Release|x86.ActiveCfg = Release|Any CPU
		{BD5DA30E-73FE-4FE1-BA2F-2AD8A5AE1BE6}.Release|x86.Build.0 = Release|Any CPU
		{E1BAB0B5-0FB4-4D01-8E32-7A5C4B46CB7F}.Debug|Any CPU.ActiveCfg = Debug|Any CPU
		{E1BAB0B5-0FB4-4D01-8E32-7A5C4B46CB7F}.Debug|Any CPU.Build.0 = Debug|Any CPU
		{E1BAB0B5-0FB4-4D01-8E32-7A5C4B46CB7F}.Debug|x64.ActiveCfg = Debug|Any CPU
		{E1BAB0B5-0FB4-4D01-8E32-7A5C4B46CB7F}.Debug|x64.Build.0 = Debug|Any CPU
		{E1BAB0B5-0FB4-4D01-8E32-7A5C4B46CB7F}.Debug|x86.ActiveCfg = Debug|Any CPU
		{E1BAB0B5-0FB4-4D01-8E32-7A5C4B46CB7F}.Debug|x86.Build.0 = Debug|Any CPU
		{E1BAB0B5-0FB4-4D01-8E32-7A5C4B46CB7F}.Release|Any CPU.ActiveCfg = Release|Any CPU
		{E1BAB0B5-0FB4-4D01-8E32-7A5C4B46CB7F}.Release|Any CPU.Build.0 = Release|Any CPU
		{E1BAB0B5-0FB4-4D01-8E32-7A5C4B46CB7F}.Release|x64.ActiveCfg = Release|Any CPU
		{E1BAB0B5-0FB4-4D01-8E32-7A5C4B46CB7F}.Release|x64.Build.0 = Release|Any CPU
		{E1BAB0B5-0FB4-4D01-8E32-7A5C4B46CB7F}.Release|x86.ActiveCfg = Release|Any CPU
		{E1BAB0B5-0FB4-4D01-8E32-7A5C4B46CB7F}.Release|x86.Build.0 = Release|Any CPU
		{85EF5F21-B925-4EE2-A98D-A84ED364BA07}.Debug|Any CPU.ActiveCfg = Debug|Any CPU
		{85EF5F21-B925-4EE2-A98D-A84ED364BA07}.Debug|Any CPU.Build.0 = Debug|Any CPU
		{85EF5F21-B925-4EE2-A98D-A84ED364BA07}.Debug|x64.ActiveCfg = Debug|Any CPU
		{85EF5F21-B925-4EE2-A98D-A84ED364BA07}.Debug|x64.Build.0 = Debug|Any CPU
		{85EF5F21-B925-4EE2-A98D-A84ED364BA07}.Debug|x86.ActiveCfg = Debug|Any CPU
		{85EF5F21-B925-4EE2-A98D-A84ED364BA07}.Debug|x86.Build.0 = Debug|Any CPU
		{85EF5F21-B925-4EE2-A98D-A84ED364BA07}.Release|Any CPU.ActiveCfg = Release|Any CPU
		{85EF5F21-B925-4EE2-A98D-A84ED364BA07}.Release|Any CPU.Build.0 = Release|Any CPU
		{85EF5F21-B925-4EE2-A98D-A84ED364BA07}.Release|x64.ActiveCfg = Release|Any CPU
		{85EF5F21-B925-4EE2-A98D-A84ED364BA07}.Release|x64.Build.0 = Release|Any CPU
		{85EF5F21-B925-4EE2-A98D-A84ED364BA07}.Release|x86.ActiveCfg = Release|Any CPU
		{85EF5F21-B925-4EE2-A98D-A84ED364BA07}.Release|x86.Build.0 = Release|Any CPU
		{8F2641CF-AD14-4853-AD33-5A2DFF083F2B}.Debug|Any CPU.ActiveCfg = Debug|Any CPU
		{8F2641CF-AD14-4853-AD33-5A2DFF083F2B}.Debug|Any CPU.Build.0 = Debug|Any CPU
		{8F2641CF-AD14-4853-AD33-5A2DFF083F2B}.Debug|x64.ActiveCfg = Debug|Any CPU
		{8F2641CF-AD14-4853-AD33-5A2DFF083F2B}.Debug|x64.Build.0 = Debug|Any CPU
		{8F2641CF-AD14-4853-AD33-5A2DFF083F2B}.Debug|x86.ActiveCfg = Debug|Any CPU
		{8F2641CF-AD14-4853-AD33-5A2DFF083F2B}.Debug|x86.Build.0 = Debug|Any CPU
		{8F2641CF-AD14-4853-AD33-5A2DFF083F2B}.Release|Any CPU.ActiveCfg = Release|Any CPU
		{8F2641CF-AD14-4853-AD33-5A2DFF083F2B}.Release|Any CPU.Build.0 = Release|Any CPU
		{8F2641CF-AD14-4853-AD33-5A2DFF083F2B}.Release|x64.ActiveCfg = Release|Any CPU
		{8F2641CF-AD14-4853-AD33-5A2DFF083F2B}.Release|x64.Build.0 = Release|Any CPU
		{8F2641CF-AD14-4853-AD33-5A2DFF083F2B}.Release|x86.ActiveCfg = Release|Any CPU
		{8F2641CF-AD14-4853-AD33-5A2DFF083F2B}.Release|x86.Build.0 = Release|Any CPU
		{FC4CF4C3-0F01-4DB3-88FA-51BFD50534E4}.Debug|Any CPU.ActiveCfg = Debug|Any CPU
		{FC4CF4C3-0F01-4DB3-88FA-51BFD50534E4}.Debug|Any CPU.Build.0 = Debug|Any CPU
		{FC4CF4C3-0F01-4DB3-88FA-51BFD50534E4}.Debug|x64.ActiveCfg = Debug|Any CPU
		{FC4CF4C3-0F01-4DB3-88FA-51BFD50534E4}.Debug|x64.Build.0 = Debug|Any CPU
		{FC4CF4C3-0F01-4DB3-88FA-51BFD50534E4}.Debug|x86.ActiveCfg = Debug|Any CPU
		{FC4CF4C3-0F01-4DB3-88FA-51BFD50534E4}.Debug|x86.Build.0 = Debug|Any CPU
		{FC4CF4C3-0F01-4DB3-88FA-51BFD50534E4}.Release|Any CPU.ActiveCfg = Release|Any CPU
		{FC4CF4C3-0F01-4DB3-88FA-51BFD50534E4}.Release|Any CPU.Build.0 = Release|Any CPU
		{FC4CF4C3-0F01-4DB3-88FA-51BFD50534E4}.Release|x64.ActiveCfg = Release|Any CPU
		{FC4CF4C3-0F01-4DB3-88FA-51BFD50534E4}.Release|x64.Build.0 = Release|Any CPU
		{FC4CF4C3-0F01-4DB3-88FA-51BFD50534E4}.Release|x86.ActiveCfg = Release|Any CPU
		{FC4CF4C3-0F01-4DB3-88FA-51BFD50534E4}.Release|x86.Build.0 = Release|Any CPU
		{88C9C01A-DBEA-41F7-9A92-C69ACCD72C56}.Debug|Any CPU.ActiveCfg = Debug|Any CPU
		{88C9C01A-DBEA-41F7-9A92-C69ACCD72C56}.Debug|Any CPU.Build.0 = Debug|Any CPU
		{88C9C01A-DBEA-41F7-9A92-C69ACCD72C56}.Debug|x64.ActiveCfg = Debug|Any CPU
		{88C9C01A-DBEA-41F7-9A92-C69ACCD72C56}.Debug|x64.Build.0 = Debug|Any CPU
		{88C9C01A-DBEA-41F7-9A92-C69ACCD72C56}.Debug|x86.ActiveCfg = Debug|Any CPU
		{88C9C01A-DBEA-41F7-9A92-C69ACCD72C56}.Debug|x86.Build.0 = Debug|Any CPU
		{88C9C01A-DBEA-41F7-9A92-C69ACCD72C56}.Release|Any CPU.ActiveCfg = Release|Any CPU
		{88C9C01A-DBEA-41F7-9A92-C69ACCD72C56}.Release|Any CPU.Build.0 = Release|Any CPU
		{88C9C01A-DBEA-41F7-9A92-C69ACCD72C56}.Release|x64.ActiveCfg = Release|Any CPU
		{88C9C01A-DBEA-41F7-9A92-C69ACCD72C56}.Release|x64.Build.0 = Release|Any CPU
		{88C9C01A-DBEA-41F7-9A92-C69ACCD72C56}.Release|x86.ActiveCfg = Release|Any CPU
		{88C9C01A-DBEA-41F7-9A92-C69ACCD72C56}.Release|x86.Build.0 = Release|Any CPU
		{18E90768-392E-45A1-9CE8-93668B60C434}.Debug|Any CPU.ActiveCfg = Debug|Any CPU
		{18E90768-392E-45A1-9CE8-93668B60C434}.Debug|Any CPU.Build.0 = Debug|Any CPU
		{18E90768-392E-45A1-9CE8-93668B60C434}.Debug|x64.ActiveCfg = Debug|Any CPU
		{18E90768-392E-45A1-9CE8-93668B60C434}.Debug|x64.Build.0 = Debug|Any CPU
		{18E90768-392E-45A1-9CE8-93668B60C434}.Debug|x86.ActiveCfg = Debug|Any CPU
		{18E90768-392E-45A1-9CE8-93668B60C434}.Debug|x86.Build.0 = Debug|Any CPU
		{18E90768-392E-45A1-9CE8-93668B60C434}.Release|Any CPU.ActiveCfg = Release|Any CPU
		{18E90768-392E-45A1-9CE8-93668B60C434}.Release|Any CPU.Build.0 = Release|Any CPU
		{18E90768-392E-45A1-9CE8-93668B60C434}.Release|x64.ActiveCfg = Release|Any CPU
		{18E90768-392E-45A1-9CE8-93668B60C434}.Release|x64.Build.0 = Release|Any CPU
		{18E90768-392E-45A1-9CE8-93668B60C434}.Release|x86.ActiveCfg = Release|Any CPU
		{18E90768-392E-45A1-9CE8-93668B60C434}.Release|x86.Build.0 = Release|Any CPU
		{A7C88A12-B796-4A0D-969E-7E4D053C21BA}.Debug|Any CPU.ActiveCfg = Debug|Any CPU
		{A7C88A12-B796-4A0D-969E-7E4D053C21BA}.Debug|Any CPU.Build.0 = Debug|Any CPU
		{A7C88A12-B796-4A0D-969E-7E4D053C21BA}.Debug|x64.ActiveCfg = Debug|Any CPU
		{A7C88A12-B796-4A0D-969E-7E4D053C21BA}.Debug|x64.Build.0 = Debug|Any CPU
		{A7C88A12-B796-4A0D-969E-7E4D053C21BA}.Debug|x86.ActiveCfg = Debug|Any CPU
		{A7C88A12-B796-4A0D-969E-7E4D053C21BA}.Debug|x86.Build.0 = Debug|Any CPU
		{A7C88A12-B796-4A0D-969E-7E4D053C21BA}.Release|Any CPU.ActiveCfg = Release|Any CPU
		{A7C88A12-B796-4A0D-969E-7E4D053C21BA}.Release|Any CPU.Build.0 = Release|Any CPU
		{A7C88A12-B796-4A0D-969E-7E4D053C21BA}.Release|x64.ActiveCfg = Release|Any CPU
		{A7C88A12-B796-4A0D-969E-7E4D053C21BA}.Release|x64.Build.0 = Release|Any CPU
		{A7C88A12-B796-4A0D-969E-7E4D053C21BA}.Release|x86.ActiveCfg = Release|Any CPU
		{A7C88A12-B796-4A0D-969E-7E4D053C21BA}.Release|x86.Build.0 = Release|Any CPU
		{06DDC8E4-7558-4E9E-B724-D646976358FD}.Debug|Any CPU.ActiveCfg = Debug|Any CPU
		{06DDC8E4-7558-4E9E-B724-D646976358FD}.Debug|Any CPU.Build.0 = Debug|Any CPU
		{06DDC8E4-7558-4E9E-B724-D646976358FD}.Debug|x64.ActiveCfg = Debug|Any CPU
		{06DDC8E4-7558-4E9E-B724-D646976358FD}.Debug|x64.Build.0 = Debug|Any CPU
		{06DDC8E4-7558-4E9E-B724-D646976358FD}.Debug|x86.ActiveCfg = Debug|Any CPU
		{06DDC8E4-7558-4E9E-B724-D646976358FD}.Debug|x86.Build.0 = Debug|Any CPU
		{06DDC8E4-7558-4E9E-B724-D646976358FD}.Release|Any CPU.ActiveCfg = Release|Any CPU
		{06DDC8E4-7558-4E9E-B724-D646976358FD}.Release|Any CPU.Build.0 = Release|Any CPU
		{06DDC8E4-7558-4E9E-B724-D646976358FD}.Release|x64.ActiveCfg = Release|Any CPU
		{06DDC8E4-7558-4E9E-B724-D646976358FD}.Release|x64.Build.0 = Release|Any CPU
		{06DDC8E4-7558-4E9E-B724-D646976358FD}.Release|x86.ActiveCfg = Release|Any CPU
		{06DDC8E4-7558-4E9E-B724-D646976358FD}.Release|x86.Build.0 = Release|Any CPU
		{A3522862-178A-451A-BACC-0EA5DA521D50}.Debug|Any CPU.ActiveCfg = Debug|Any CPU
		{A3522862-178A-451A-BACC-0EA5DA521D50}.Debug|Any CPU.Build.0 = Debug|Any CPU
		{A3522862-178A-451A-BACC-0EA5DA521D50}.Debug|x64.ActiveCfg = Debug|Any CPU
		{A3522862-178A-451A-BACC-0EA5DA521D50}.Debug|x64.Build.0 = Debug|Any CPU
		{A3522862-178A-451A-BACC-0EA5DA521D50}.Debug|x86.ActiveCfg = Debug|Any CPU
		{A3522862-178A-451A-BACC-0EA5DA521D50}.Debug|x86.Build.0 = Debug|Any CPU
		{A3522862-178A-451A-BACC-0EA5DA521D50}.Release|Any CPU.ActiveCfg = Release|Any CPU
		{A3522862-178A-451A-BACC-0EA5DA521D50}.Release|Any CPU.Build.0 = Release|Any CPU
		{A3522862-178A-451A-BACC-0EA5DA521D50}.Release|x64.ActiveCfg = Release|Any CPU
		{A3522862-178A-451A-BACC-0EA5DA521D50}.Release|x64.Build.0 = Release|Any CPU
		{A3522862-178A-451A-BACC-0EA5DA521D50}.Release|x86.ActiveCfg = Release|Any CPU
		{A3522862-178A-451A-BACC-0EA5DA521D50}.Release|x86.Build.0 = Release|Any CPU
		{522FAA11-E6EF-4571-AD3F-E06DE05103EA}.Debug|Any CPU.ActiveCfg = Debug|Any CPU
		{522FAA11-E6EF-4571-AD3F-E06DE05103EA}.Debug|Any CPU.Build.0 = Debug|Any CPU
		{522FAA11-E6EF-4571-AD3F-E06DE05103EA}.Debug|x64.ActiveCfg = Debug|Any CPU
		{522FAA11-E6EF-4571-AD3F-E06DE05103EA}.Debug|x64.Build.0 = Debug|Any CPU
		{522FAA11-E6EF-4571-AD3F-E06DE05103EA}.Debug|x86.ActiveCfg = Debug|Any CPU
		{522FAA11-E6EF-4571-AD3F-E06DE05103EA}.Debug|x86.Build.0 = Debug|Any CPU
		{522FAA11-E6EF-4571-AD3F-E06DE05103EA}.Release|Any CPU.ActiveCfg = Release|Any CPU
		{522FAA11-E6EF-4571-AD3F-E06DE05103EA}.Release|Any CPU.Build.0 = Release|Any CPU
		{522FAA11-E6EF-4571-AD3F-E06DE05103EA}.Release|x64.ActiveCfg = Release|Any CPU
		{522FAA11-E6EF-4571-AD3F-E06DE05103EA}.Release|x64.Build.0 = Release|Any CPU
		{522FAA11-E6EF-4571-AD3F-E06DE05103EA}.Release|x86.ActiveCfg = Release|Any CPU
		{522FAA11-E6EF-4571-AD3F-E06DE05103EA}.Release|x86.Build.0 = Release|Any CPU
		{20A91030-7010-4D04-A8DF-BF8786B8C6B7}.Debug|Any CPU.ActiveCfg = Debug|Any CPU
		{20A91030-7010-4D04-A8DF-BF8786B8C6B7}.Debug|Any CPU.Build.0 = Debug|Any CPU
		{20A91030-7010-4D04-A8DF-BF8786B8C6B7}.Debug|x64.ActiveCfg = Debug|Any CPU
		{20A91030-7010-4D04-A8DF-BF8786B8C6B7}.Debug|x64.Build.0 = Debug|Any CPU
		{20A91030-7010-4D04-A8DF-BF8786B8C6B7}.Debug|x86.ActiveCfg = Debug|Any CPU
		{20A91030-7010-4D04-A8DF-BF8786B8C6B7}.Debug|x86.Build.0 = Debug|Any CPU
		{20A91030-7010-4D04-A8DF-BF8786B8C6B7}.Release|Any CPU.ActiveCfg = Release|Any CPU
		{20A91030-7010-4D04-A8DF-BF8786B8C6B7}.Release|Any CPU.Build.0 = Release|Any CPU
		{20A91030-7010-4D04-A8DF-BF8786B8C6B7}.Release|x64.ActiveCfg = Release|Any CPU
		{20A91030-7010-4D04-A8DF-BF8786B8C6B7}.Release|x64.Build.0 = Release|Any CPU
		{20A91030-7010-4D04-A8DF-BF8786B8C6B7}.Release|x86.ActiveCfg = Release|Any CPU
		{20A91030-7010-4D04-A8DF-BF8786B8C6B7}.Release|x86.Build.0 = Release|Any CPU
		{33D4CBA0-B73D-44CE-9E71-CD3E8D1BA7C9}.Debug|Any CPU.ActiveCfg = Debug|Any CPU
		{33D4CBA0-B73D-44CE-9E71-CD3E8D1BA7C9}.Debug|Any CPU.Build.0 = Debug|Any CPU
		{33D4CBA0-B73D-44CE-9E71-CD3E8D1BA7C9}.Debug|x64.ActiveCfg = Debug|Any CPU
		{33D4CBA0-B73D-44CE-9E71-CD3E8D1BA7C9}.Debug|x64.Build.0 = Debug|Any CPU
		{33D4CBA0-B73D-44CE-9E71-CD3E8D1BA7C9}.Debug|x86.ActiveCfg = Debug|Any CPU
		{33D4CBA0-B73D-44CE-9E71-CD3E8D1BA7C9}.Debug|x86.Build.0 = Debug|Any CPU
		{33D4CBA0-B73D-44CE-9E71-CD3E8D1BA7C9}.Release|Any CPU.ActiveCfg = Release|Any CPU
		{33D4CBA0-B73D-44CE-9E71-CD3E8D1BA7C9}.Release|Any CPU.Build.0 = Release|Any CPU
		{33D4CBA0-B73D-44CE-9E71-CD3E8D1BA7C9}.Release|x64.ActiveCfg = Release|Any CPU
		{33D4CBA0-B73D-44CE-9E71-CD3E8D1BA7C9}.Release|x64.Build.0 = Release|Any CPU
		{33D4CBA0-B73D-44CE-9E71-CD3E8D1BA7C9}.Release|x86.ActiveCfg = Release|Any CPU
		{33D4CBA0-B73D-44CE-9E71-CD3E8D1BA7C9}.Release|x86.Build.0 = Release|Any CPU
		{DAC07353-EB8E-43DF-92F3-BD679778F2A7}.Debug|Any CPU.ActiveCfg = Debug|Any CPU
		{DAC07353-EB8E-43DF-92F3-BD679778F2A7}.Debug|Any CPU.Build.0 = Debug|Any CPU
		{DAC07353-EB8E-43DF-92F3-BD679778F2A7}.Debug|x64.ActiveCfg = Debug|Any CPU
		{DAC07353-EB8E-43DF-92F3-BD679778F2A7}.Debug|x64.Build.0 = Debug|Any CPU
		{DAC07353-EB8E-43DF-92F3-BD679778F2A7}.Debug|x86.ActiveCfg = Debug|Any CPU
		{DAC07353-EB8E-43DF-92F3-BD679778F2A7}.Debug|x86.Build.0 = Debug|Any CPU
		{DAC07353-EB8E-43DF-92F3-BD679778F2A7}.Release|Any CPU.ActiveCfg = Release|Any CPU
		{DAC07353-EB8E-43DF-92F3-BD679778F2A7}.Release|Any CPU.Build.0 = Release|Any CPU
		{DAC07353-EB8E-43DF-92F3-BD679778F2A7}.Release|x64.ActiveCfg = Release|Any CPU
		{DAC07353-EB8E-43DF-92F3-BD679778F2A7}.Release|x64.Build.0 = Release|Any CPU
		{DAC07353-EB8E-43DF-92F3-BD679778F2A7}.Release|x86.ActiveCfg = Release|Any CPU
		{DAC07353-EB8E-43DF-92F3-BD679778F2A7}.Release|x86.Build.0 = Release|Any CPU
		{0210DB6D-AA2D-40A8-B58A-4527246F52D5}.Debug|Any CPU.ActiveCfg = Debug|Any CPU
		{0210DB6D-AA2D-40A8-B58A-4527246F52D5}.Debug|Any CPU.Build.0 = Debug|Any CPU
		{0210DB6D-AA2D-40A8-B58A-4527246F52D5}.Debug|x64.ActiveCfg = Debug|Any CPU
		{0210DB6D-AA2D-40A8-B58A-4527246F52D5}.Debug|x64.Build.0 = Debug|Any CPU
		{0210DB6D-AA2D-40A8-B58A-4527246F52D5}.Debug|x86.ActiveCfg = Debug|Any CPU
		{0210DB6D-AA2D-40A8-B58A-4527246F52D5}.Debug|x86.Build.0 = Debug|Any CPU
		{0210DB6D-AA2D-40A8-B58A-4527246F52D5}.Release|Any CPU.ActiveCfg = Release|Any CPU
		{0210DB6D-AA2D-40A8-B58A-4527246F52D5}.Release|Any CPU.Build.0 = Release|Any CPU
		{0210DB6D-AA2D-40A8-B58A-4527246F52D5}.Release|x64.ActiveCfg = Release|Any CPU
		{0210DB6D-AA2D-40A8-B58A-4527246F52D5}.Release|x64.Build.0 = Release|Any CPU
		{0210DB6D-AA2D-40A8-B58A-4527246F52D5}.Release|x86.ActiveCfg = Release|Any CPU
		{0210DB6D-AA2D-40A8-B58A-4527246F52D5}.Release|x86.Build.0 = Release|Any CPU
		{CE307773-B30E-4F93-83F0-4A22FCF4CA68}.Debug|Any CPU.ActiveCfg = Debug|Any CPU
		{CE307773-B30E-4F93-83F0-4A22FCF4CA68}.Debug|Any CPU.Build.0 = Debug|Any CPU
		{CE307773-B30E-4F93-83F0-4A22FCF4CA68}.Debug|x64.ActiveCfg = Debug|Any CPU
		{CE307773-B30E-4F93-83F0-4A22FCF4CA68}.Debug|x64.Build.0 = Debug|Any CPU
		{CE307773-B30E-4F93-83F0-4A22FCF4CA68}.Debug|x86.ActiveCfg = Debug|Any CPU
		{CE307773-B30E-4F93-83F0-4A22FCF4CA68}.Debug|x86.Build.0 = Debug|Any CPU
		{CE307773-B30E-4F93-83F0-4A22FCF4CA68}.Release|Any CPU.ActiveCfg = Release|Any CPU
		{CE307773-B30E-4F93-83F0-4A22FCF4CA68}.Release|Any CPU.Build.0 = Release|Any CPU
		{CE307773-B30E-4F93-83F0-4A22FCF4CA68}.Release|x64.ActiveCfg = Release|Any CPU
		{CE307773-B30E-4F93-83F0-4A22FCF4CA68}.Release|x64.Build.0 = Release|Any CPU
		{CE307773-B30E-4F93-83F0-4A22FCF4CA68}.Release|x86.ActiveCfg = Release|Any CPU
		{CE307773-B30E-4F93-83F0-4A22FCF4CA68}.Release|x86.Build.0 = Release|Any CPU
		{8EE9E7FF-178B-45BA-A7A5-FD31D578E40A}.Debug|Any CPU.ActiveCfg = Debug|Any CPU
		{8EE9E7FF-178B-45BA-A7A5-FD31D578E40A}.Debug|Any CPU.Build.0 = Debug|Any CPU
		{8EE9E7FF-178B-45BA-A7A5-FD31D578E40A}.Debug|x64.ActiveCfg = Debug|Any CPU
		{8EE9E7FF-178B-45BA-A7A5-FD31D578E40A}.Debug|x64.Build.0 = Debug|Any CPU
		{8EE9E7FF-178B-45BA-A7A5-FD31D578E40A}.Debug|x86.ActiveCfg = Debug|Any CPU
		{8EE9E7FF-178B-45BA-A7A5-FD31D578E40A}.Debug|x86.Build.0 = Debug|Any CPU
		{8EE9E7FF-178B-45BA-A7A5-FD31D578E40A}.Release|Any CPU.ActiveCfg = Release|Any CPU
		{8EE9E7FF-178B-45BA-A7A5-FD31D578E40A}.Release|Any CPU.Build.0 = Release|Any CPU
		{8EE9E7FF-178B-45BA-A7A5-FD31D578E40A}.Release|x64.ActiveCfg = Release|Any CPU
		{8EE9E7FF-178B-45BA-A7A5-FD31D578E40A}.Release|x64.Build.0 = Release|Any CPU
		{8EE9E7FF-178B-45BA-A7A5-FD31D578E40A}.Release|x86.ActiveCfg = Release|Any CPU
		{8EE9E7FF-178B-45BA-A7A5-FD31D578E40A}.Release|x86.Build.0 = Release|Any CPU
		{236A6191-CB72-4DD7-988E-9F8A3CDED48F}.Debug|Any CPU.ActiveCfg = Debug|Any CPU
		{236A6191-CB72-4DD7-988E-9F8A3CDED48F}.Debug|Any CPU.Build.0 = Debug|Any CPU
		{236A6191-CB72-4DD7-988E-9F8A3CDED48F}.Debug|x64.ActiveCfg = Debug|Any CPU
		{236A6191-CB72-4DD7-988E-9F8A3CDED48F}.Debug|x64.Build.0 = Debug|Any CPU
		{236A6191-CB72-4DD7-988E-9F8A3CDED48F}.Debug|x86.ActiveCfg = Debug|Any CPU
		{236A6191-CB72-4DD7-988E-9F8A3CDED48F}.Debug|x86.Build.0 = Debug|Any CPU
		{236A6191-CB72-4DD7-988E-9F8A3CDED48F}.Release|Any CPU.ActiveCfg = Release|Any CPU
		{236A6191-CB72-4DD7-988E-9F8A3CDED48F}.Release|Any CPU.Build.0 = Release|Any CPU
		{236A6191-CB72-4DD7-988E-9F8A3CDED48F}.Release|x64.ActiveCfg = Release|Any CPU
		{236A6191-CB72-4DD7-988E-9F8A3CDED48F}.Release|x64.Build.0 = Release|Any CPU
		{236A6191-CB72-4DD7-988E-9F8A3CDED48F}.Release|x86.ActiveCfg = Release|Any CPU
		{236A6191-CB72-4DD7-988E-9F8A3CDED48F}.Release|x86.Build.0 = Release|Any CPU
		{14F1F380-5BE5-4D90-ADF4-0FE8478E0D9E}.Debug|Any CPU.ActiveCfg = Debug|Any CPU
		{14F1F380-5BE5-4D90-ADF4-0FE8478E0D9E}.Debug|Any CPU.Build.0 = Debug|Any CPU
		{14F1F380-5BE5-4D90-ADF4-0FE8478E0D9E}.Debug|x64.ActiveCfg = Debug|Any CPU
		{14F1F380-5BE5-4D90-ADF4-0FE8478E0D9E}.Debug|x64.Build.0 = Debug|Any CPU
		{14F1F380-5BE5-4D90-ADF4-0FE8478E0D9E}.Debug|x86.ActiveCfg = Debug|Any CPU
		{14F1F380-5BE5-4D90-ADF4-0FE8478E0D9E}.Debug|x86.Build.0 = Debug|Any CPU
		{14F1F380-5BE5-4D90-ADF4-0FE8478E0D9E}.Release|Any CPU.ActiveCfg = Release|Any CPU
		{14F1F380-5BE5-4D90-ADF4-0FE8478E0D9E}.Release|Any CPU.Build.0 = Release|Any CPU
		{14F1F380-5BE5-4D90-ADF4-0FE8478E0D9E}.Release|x64.ActiveCfg = Release|Any CPU
		{14F1F380-5BE5-4D90-ADF4-0FE8478E0D9E}.Release|x64.Build.0 = Release|Any CPU
		{14F1F380-5BE5-4D90-ADF4-0FE8478E0D9E}.Release|x86.ActiveCfg = Release|Any CPU
		{14F1F380-5BE5-4D90-ADF4-0FE8478E0D9E}.Release|x86.Build.0 = Release|Any CPU
		{8C449567-A535-4F30-8774-61C4572307D6}.Debug|Any CPU.ActiveCfg = Debug|Any CPU
		{8C449567-A535-4F30-8774-61C4572307D6}.Debug|Any CPU.Build.0 = Debug|Any CPU
		{8C449567-A535-4F30-8774-61C4572307D6}.Debug|x64.ActiveCfg = Debug|Any CPU
		{8C449567-A535-4F30-8774-61C4572307D6}.Debug|x64.Build.0 = Debug|Any CPU
		{8C449567-A535-4F30-8774-61C4572307D6}.Debug|x86.ActiveCfg = Debug|Any CPU
		{8C449567-A535-4F30-8774-61C4572307D6}.Debug|x86.Build.0 = Debug|Any CPU
		{8C449567-A535-4F30-8774-61C4572307D6}.Release|Any CPU.ActiveCfg = Release|Any CPU
		{8C449567-A535-4F30-8774-61C4572307D6}.Release|Any CPU.Build.0 = Release|Any CPU
		{8C449567-A535-4F30-8774-61C4572307D6}.Release|x64.ActiveCfg = Release|Any CPU
		{8C449567-A535-4F30-8774-61C4572307D6}.Release|x64.Build.0 = Release|Any CPU
		{8C449567-A535-4F30-8774-61C4572307D6}.Release|x86.ActiveCfg = Release|Any CPU
		{8C449567-A535-4F30-8774-61C4572307D6}.Release|x86.Build.0 = Release|Any CPU
		{EB598F74-2EF3-403E-8A5A-672F2DEA7519}.Debug|Any CPU.ActiveCfg = Debug|Any CPU
		{EB598F74-2EF3-403E-8A5A-672F2DEA7519}.Debug|Any CPU.Build.0 = Debug|Any CPU
		{EB598F74-2EF3-403E-8A5A-672F2DEA7519}.Debug|x64.ActiveCfg = Debug|Any CPU
		{EB598F74-2EF3-403E-8A5A-672F2DEA7519}.Debug|x64.Build.0 = Debug|Any CPU
		{EB598F74-2EF3-403E-8A5A-672F2DEA7519}.Debug|x86.ActiveCfg = Debug|Any CPU
		{EB598F74-2EF3-403E-8A5A-672F2DEA7519}.Debug|x86.Build.0 = Debug|Any CPU
		{EB598F74-2EF3-403E-8A5A-672F2DEA7519}.Release|Any CPU.ActiveCfg = Release|Any CPU
		{EB598F74-2EF3-403E-8A5A-672F2DEA7519}.Release|Any CPU.Build.0 = Release|Any CPU
		{EB598F74-2EF3-403E-8A5A-672F2DEA7519}.Release|x64.ActiveCfg = Release|Any CPU
		{EB598F74-2EF3-403E-8A5A-672F2DEA7519}.Release|x64.Build.0 = Release|Any CPU
		{EB598F74-2EF3-403E-8A5A-672F2DEA7519}.Release|x86.ActiveCfg = Release|Any CPU
		{EB598F74-2EF3-403E-8A5A-672F2DEA7519}.Release|x86.Build.0 = Release|Any CPU
		{F029EB32-626F-4582-BB4D-1EE3E6C36CCA}.Debug|Any CPU.ActiveCfg = Debug|Any CPU
		{F029EB32-626F-4582-BB4D-1EE3E6C36CCA}.Debug|Any CPU.Build.0 = Debug|Any CPU
		{F029EB32-626F-4582-BB4D-1EE3E6C36CCA}.Debug|x64.ActiveCfg = Debug|Any CPU
		{F029EB32-626F-4582-BB4D-1EE3E6C36CCA}.Debug|x64.Build.0 = Debug|Any CPU
		{F029EB32-626F-4582-BB4D-1EE3E6C36CCA}.Debug|x86.ActiveCfg = Debug|Any CPU
		{F029EB32-626F-4582-BB4D-1EE3E6C36CCA}.Debug|x86.Build.0 = Debug|Any CPU
		{F029EB32-626F-4582-BB4D-1EE3E6C36CCA}.Release|Any CPU.ActiveCfg = Release|Any CPU
		{F029EB32-626F-4582-BB4D-1EE3E6C36CCA}.Release|Any CPU.Build.0 = Release|Any CPU
		{F029EB32-626F-4582-BB4D-1EE3E6C36CCA}.Release|x64.ActiveCfg = Release|Any CPU
		{F029EB32-626F-4582-BB4D-1EE3E6C36CCA}.Release|x64.Build.0 = Release|Any CPU
		{F029EB32-626F-4582-BB4D-1EE3E6C36CCA}.Release|x86.ActiveCfg = Release|Any CPU
		{F029EB32-626F-4582-BB4D-1EE3E6C36CCA}.Release|x86.Build.0 = Release|Any CPU
		{E23DDE06-6DA3-4CCA-83B2-7C22C6E88622}.Debug|Any CPU.ActiveCfg = Debug|Any CPU
		{E23DDE06-6DA3-4CCA-83B2-7C22C6E88622}.Debug|Any CPU.Build.0 = Debug|Any CPU
		{E23DDE06-6DA3-4CCA-83B2-7C22C6E88622}.Debug|x64.ActiveCfg = Debug|Any CPU
		{E23DDE06-6DA3-4CCA-83B2-7C22C6E88622}.Debug|x64.Build.0 = Debug|Any CPU
		{E23DDE06-6DA3-4CCA-83B2-7C22C6E88622}.Debug|x86.ActiveCfg = Debug|Any CPU
		{E23DDE06-6DA3-4CCA-83B2-7C22C6E88622}.Debug|x86.Build.0 = Debug|Any CPU
		{E23DDE06-6DA3-4CCA-83B2-7C22C6E88622}.Release|Any CPU.ActiveCfg = Release|Any CPU
		{E23DDE06-6DA3-4CCA-83B2-7C22C6E88622}.Release|Any CPU.Build.0 = Release|Any CPU
		{E23DDE06-6DA3-4CCA-83B2-7C22C6E88622}.Release|x64.ActiveCfg = Release|Any CPU
		{E23DDE06-6DA3-4CCA-83B2-7C22C6E88622}.Release|x64.Build.0 = Release|Any CPU
		{E23DDE06-6DA3-4CCA-83B2-7C22C6E88622}.Release|x86.ActiveCfg = Release|Any CPU
		{E23DDE06-6DA3-4CCA-83B2-7C22C6E88622}.Release|x86.Build.0 = Release|Any CPU
		{34BFFB5D-0F8D-465C-A388-638E5F8D5157}.Debug|Any CPU.ActiveCfg = Debug|Any CPU
		{34BFFB5D-0F8D-465C-A388-638E5F8D5157}.Debug|Any CPU.Build.0 = Debug|Any CPU
		{34BFFB5D-0F8D-465C-A388-638E5F8D5157}.Debug|x64.ActiveCfg = Debug|Any CPU
		{34BFFB5D-0F8D-465C-A388-638E5F8D5157}.Debug|x64.Build.0 = Debug|Any CPU
		{34BFFB5D-0F8D-465C-A388-638E5F8D5157}.Debug|x86.ActiveCfg = Debug|Any CPU
		{34BFFB5D-0F8D-465C-A388-638E5F8D5157}.Debug|x86.Build.0 = Debug|Any CPU
		{34BFFB5D-0F8D-465C-A388-638E5F8D5157}.Release|Any CPU.ActiveCfg = Release|Any CPU
		{34BFFB5D-0F8D-465C-A388-638E5F8D5157}.Release|Any CPU.Build.0 = Release|Any CPU
		{34BFFB5D-0F8D-465C-A388-638E5F8D5157}.Release|x64.ActiveCfg = Release|Any CPU
		{34BFFB5D-0F8D-465C-A388-638E5F8D5157}.Release|x64.Build.0 = Release|Any CPU
		{34BFFB5D-0F8D-465C-A388-638E5F8D5157}.Release|x86.ActiveCfg = Release|Any CPU
		{34BFFB5D-0F8D-465C-A388-638E5F8D5157}.Release|x86.Build.0 = Release|Any CPU
		{AF427B6A-2CD2-4366-AE12-1F3C63BA0FAC}.Debug|Any CPU.ActiveCfg = Debug|Any CPU
		{AF427B6A-2CD2-4366-AE12-1F3C63BA0FAC}.Debug|Any CPU.Build.0 = Debug|Any CPU
		{AF427B6A-2CD2-4366-AE12-1F3C63BA0FAC}.Debug|x64.ActiveCfg = Debug|Any CPU
		{AF427B6A-2CD2-4366-AE12-1F3C63BA0FAC}.Debug|x64.Build.0 = Debug|Any CPU
		{AF427B6A-2CD2-4366-AE12-1F3C63BA0FAC}.Debug|x86.ActiveCfg = Debug|Any CPU
		{AF427B6A-2CD2-4366-AE12-1F3C63BA0FAC}.Debug|x86.Build.0 = Debug|Any CPU
		{AF427B6A-2CD2-4366-AE12-1F3C63BA0FAC}.Release|Any CPU.ActiveCfg = Release|Any CPU
		{AF427B6A-2CD2-4366-AE12-1F3C63BA0FAC}.Release|Any CPU.Build.0 = Release|Any CPU
		{AF427B6A-2CD2-4366-AE12-1F3C63BA0FAC}.Release|x64.ActiveCfg = Release|Any CPU
		{AF427B6A-2CD2-4366-AE12-1F3C63BA0FAC}.Release|x64.Build.0 = Release|Any CPU
		{AF427B6A-2CD2-4366-AE12-1F3C63BA0FAC}.Release|x86.ActiveCfg = Release|Any CPU
		{AF427B6A-2CD2-4366-AE12-1F3C63BA0FAC}.Release|x86.Build.0 = Release|Any CPU
		{69E95976-0752-48A0-A3BD-6747278A9630}.Debug|Any CPU.ActiveCfg = Debug|Any CPU
		{69E95976-0752-48A0-A3BD-6747278A9630}.Debug|Any CPU.Build.0 = Debug|Any CPU
		{69E95976-0752-48A0-A3BD-6747278A9630}.Debug|x64.ActiveCfg = Debug|Any CPU
		{69E95976-0752-48A0-A3BD-6747278A9630}.Debug|x64.Build.0 = Debug|Any CPU
		{69E95976-0752-48A0-A3BD-6747278A9630}.Debug|x86.ActiveCfg = Debug|Any CPU
		{69E95976-0752-48A0-A3BD-6747278A9630}.Debug|x86.Build.0 = Debug|Any CPU
		{69E95976-0752-48A0-A3BD-6747278A9630}.Release|Any CPU.ActiveCfg = Release|Any CPU
		{69E95976-0752-48A0-A3BD-6747278A9630}.Release|Any CPU.Build.0 = Release|Any CPU
		{69E95976-0752-48A0-A3BD-6747278A9630}.Release|x64.ActiveCfg = Release|Any CPU
		{69E95976-0752-48A0-A3BD-6747278A9630}.Release|x64.Build.0 = Release|Any CPU
		{69E95976-0752-48A0-A3BD-6747278A9630}.Release|x86.ActiveCfg = Release|Any CPU
		{69E95976-0752-48A0-A3BD-6747278A9630}.Release|x86.Build.0 = Release|Any CPU
		{2B282575-CD27-48EC-83D3-27B1EEE6C042}.Debug|Any CPU.ActiveCfg = Debug|Any CPU
		{2B282575-CD27-48EC-83D3-27B1EEE6C042}.Debug|Any CPU.Build.0 = Debug|Any CPU
		{2B282575-CD27-48EC-83D3-27B1EEE6C042}.Debug|x64.ActiveCfg = Debug|Any CPU
		{2B282575-CD27-48EC-83D3-27B1EEE6C042}.Debug|x64.Build.0 = Debug|Any CPU
		{2B282575-CD27-48EC-83D3-27B1EEE6C042}.Debug|x86.ActiveCfg = Debug|Any CPU
		{2B282575-CD27-48EC-83D3-27B1EEE6C042}.Debug|x86.Build.0 = Debug|Any CPU
		{2B282575-CD27-48EC-83D3-27B1EEE6C042}.Release|Any CPU.ActiveCfg = Release|Any CPU
		{2B282575-CD27-48EC-83D3-27B1EEE6C042}.Release|Any CPU.Build.0 = Release|Any CPU
		{2B282575-CD27-48EC-83D3-27B1EEE6C042}.Release|x64.ActiveCfg = Release|Any CPU
		{2B282575-CD27-48EC-83D3-27B1EEE6C042}.Release|x64.Build.0 = Release|Any CPU
		{2B282575-CD27-48EC-83D3-27B1EEE6C042}.Release|x86.ActiveCfg = Release|Any CPU
		{2B282575-CD27-48EC-83D3-27B1EEE6C042}.Release|x86.Build.0 = Release|Any CPU
		{C161C0A2-C8A7-4668-B0DE-72612169AAA7}.Debug|Any CPU.ActiveCfg = Debug|Any CPU
		{C161C0A2-C8A7-4668-B0DE-72612169AAA7}.Debug|Any CPU.Build.0 = Debug|Any CPU
		{C161C0A2-C8A7-4668-B0DE-72612169AAA7}.Debug|x64.ActiveCfg = Debug|Any CPU
		{C161C0A2-C8A7-4668-B0DE-72612169AAA7}.Debug|x64.Build.0 = Debug|Any CPU
		{C161C0A2-C8A7-4668-B0DE-72612169AAA7}.Debug|x86.ActiveCfg = Debug|Any CPU
		{C161C0A2-C8A7-4668-B0DE-72612169AAA7}.Debug|x86.Build.0 = Debug|Any CPU
		{C161C0A2-C8A7-4668-B0DE-72612169AAA7}.Release|Any CPU.ActiveCfg = Release|Any CPU
		{C161C0A2-C8A7-4668-B0DE-72612169AAA7}.Release|Any CPU.Build.0 = Release|Any CPU
		{C161C0A2-C8A7-4668-B0DE-72612169AAA7}.Release|x64.ActiveCfg = Release|Any CPU
		{C161C0A2-C8A7-4668-B0DE-72612169AAA7}.Release|x64.Build.0 = Release|Any CPU
		{C161C0A2-C8A7-4668-B0DE-72612169AAA7}.Release|x86.ActiveCfg = Release|Any CPU
		{C161C0A2-C8A7-4668-B0DE-72612169AAA7}.Release|x86.Build.0 = Release|Any CPU
		{BB38EE44-8B73-4267-BC8D-7D4E9CDD4B6F}.Debug|Any CPU.ActiveCfg = Debug|Any CPU
		{BB38EE44-8B73-4267-BC8D-7D4E9CDD4B6F}.Debug|Any CPU.Build.0 = Debug|Any CPU
		{BB38EE44-8B73-4267-BC8D-7D4E9CDD4B6F}.Debug|x64.ActiveCfg = Debug|Any CPU
		{BB38EE44-8B73-4267-BC8D-7D4E9CDD4B6F}.Debug|x64.Build.0 = Debug|Any CPU
		{BB38EE44-8B73-4267-BC8D-7D4E9CDD4B6F}.Debug|x86.ActiveCfg = Debug|Any CPU
		{BB38EE44-8B73-4267-BC8D-7D4E9CDD4B6F}.Debug|x86.Build.0 = Debug|Any CPU
		{BB38EE44-8B73-4267-BC8D-7D4E9CDD4B6F}.Release|Any CPU.ActiveCfg = Release|Any CPU
		{BB38EE44-8B73-4267-BC8D-7D4E9CDD4B6F}.Release|Any CPU.Build.0 = Release|Any CPU
		{BB38EE44-8B73-4267-BC8D-7D4E9CDD4B6F}.Release|x64.ActiveCfg = Release|Any CPU
		{BB38EE44-8B73-4267-BC8D-7D4E9CDD4B6F}.Release|x64.Build.0 = Release|Any CPU
		{BB38EE44-8B73-4267-BC8D-7D4E9CDD4B6F}.Release|x86.ActiveCfg = Release|Any CPU
		{BB38EE44-8B73-4267-BC8D-7D4E9CDD4B6F}.Release|x86.Build.0 = Release|Any CPU
		{884E9ACE-1FCE-4199-84CD-72D790BD77A9}.Debug|Any CPU.ActiveCfg = Debug|Any CPU
		{884E9ACE-1FCE-4199-84CD-72D790BD77A9}.Debug|Any CPU.Build.0 = Debug|Any CPU
		{884E9ACE-1FCE-4199-84CD-72D790BD77A9}.Debug|x64.ActiveCfg = Debug|Any CPU
		{884E9ACE-1FCE-4199-84CD-72D790BD77A9}.Debug|x64.Build.0 = Debug|Any CPU
		{884E9ACE-1FCE-4199-84CD-72D790BD77A9}.Debug|x86.ActiveCfg = Debug|Any CPU
		{884E9ACE-1FCE-4199-84CD-72D790BD77A9}.Debug|x86.Build.0 = Debug|Any CPU
		{884E9ACE-1FCE-4199-84CD-72D790BD77A9}.Release|Any CPU.ActiveCfg = Release|Any CPU
		{884E9ACE-1FCE-4199-84CD-72D790BD77A9}.Release|Any CPU.Build.0 = Release|Any CPU
		{884E9ACE-1FCE-4199-84CD-72D790BD77A9}.Release|x64.ActiveCfg = Release|Any CPU
		{884E9ACE-1FCE-4199-84CD-72D790BD77A9}.Release|x64.Build.0 = Release|Any CPU
		{884E9ACE-1FCE-4199-84CD-72D790BD77A9}.Release|x86.ActiveCfg = Release|Any CPU
		{884E9ACE-1FCE-4199-84CD-72D790BD77A9}.Release|x86.Build.0 = Release|Any CPU
		{2534DF26-0D55-44F6-9342-20663F0EE9C3}.Debug|Any CPU.ActiveCfg = Debug|Any CPU
		{2534DF26-0D55-44F6-9342-20663F0EE9C3}.Debug|Any CPU.Build.0 = Debug|Any CPU
		{2534DF26-0D55-44F6-9342-20663F0EE9C3}.Debug|x64.ActiveCfg = Debug|Any CPU
		{2534DF26-0D55-44F6-9342-20663F0EE9C3}.Debug|x64.Build.0 = Debug|Any CPU
		{2534DF26-0D55-44F6-9342-20663F0EE9C3}.Debug|x86.ActiveCfg = Debug|Any CPU
		{2534DF26-0D55-44F6-9342-20663F0EE9C3}.Debug|x86.Build.0 = Debug|Any CPU
		{2534DF26-0D55-44F6-9342-20663F0EE9C3}.Release|Any CPU.ActiveCfg = Release|Any CPU
		{2534DF26-0D55-44F6-9342-20663F0EE9C3}.Release|Any CPU.Build.0 = Release|Any CPU
		{2534DF26-0D55-44F6-9342-20663F0EE9C3}.Release|x64.ActiveCfg = Release|Any CPU
		{2534DF26-0D55-44F6-9342-20663F0EE9C3}.Release|x64.Build.0 = Release|Any CPU
		{2534DF26-0D55-44F6-9342-20663F0EE9C3}.Release|x86.ActiveCfg = Release|Any CPU
		{2534DF26-0D55-44F6-9342-20663F0EE9C3}.Release|x86.Build.0 = Release|Any CPU
		{5DBE6797-8FC3-49A1-8BC5-1A4803796B6C}.Debug|Any CPU.ActiveCfg = Debug|Any CPU
		{5DBE6797-8FC3-49A1-8BC5-1A4803796B6C}.Debug|Any CPU.Build.0 = Debug|Any CPU
		{5DBE6797-8FC3-49A1-8BC5-1A4803796B6C}.Debug|x64.ActiveCfg = Debug|Any CPU
		{5DBE6797-8FC3-49A1-8BC5-1A4803796B6C}.Debug|x64.Build.0 = Debug|Any CPU
		{5DBE6797-8FC3-49A1-8BC5-1A4803796B6C}.Debug|x86.ActiveCfg = Debug|Any CPU
		{5DBE6797-8FC3-49A1-8BC5-1A4803796B6C}.Debug|x86.Build.0 = Debug|Any CPU
		{5DBE6797-8FC3-49A1-8BC5-1A4803796B6C}.Release|Any CPU.ActiveCfg = Release|Any CPU
		{5DBE6797-8FC3-49A1-8BC5-1A4803796B6C}.Release|Any CPU.Build.0 = Release|Any CPU
		{5DBE6797-8FC3-49A1-8BC5-1A4803796B6C}.Release|x64.ActiveCfg = Release|Any CPU
		{5DBE6797-8FC3-49A1-8BC5-1A4803796B6C}.Release|x64.Build.0 = Release|Any CPU
		{5DBE6797-8FC3-49A1-8BC5-1A4803796B6C}.Release|x86.ActiveCfg = Release|Any CPU
		{5DBE6797-8FC3-49A1-8BC5-1A4803796B6C}.Release|x86.Build.0 = Release|Any CPU
	EndGlobalSection
	GlobalSection(SolutionProperties) = preSolution
		HideSolutionNode = FALSE
	EndGlobalSection
	GlobalSection(NestedProjects) = preSolution
		{9BE48AF4-609A-9A7C-25A1-067F3852CB4B} = {808186BE-9BD0-DD1D-D574-36EEAD1E7F8F}
		{D3076678-EA90-D3C4-3E13-17B0BFE7AA5C} = {9BE48AF4-609A-9A7C-25A1-067F3852CB4B}
		{7BC6CE67-546E-4C88-AD5F-FC5F5E756236} = {D3076678-EA90-D3C4-3E13-17B0BFE7AA5C}
		{5529564B-A1F8-A9C4-B2E1-9269A5F73A7D} = {9BE48AF4-609A-9A7C-25A1-067F3852CB4B}
		{04A5E272-2780-47AD-A3A7-978995B7C6CF} = {5529564B-A1F8-A9C4-B2E1-9269A5F73A7D}
		{3D9F27ED-5D62-4BBB-8D99-2073FCEC5C27} = {F30895DC-C3AC-FF44-FFF8-D51D98AE1B61}
		{F8D574EC-2034-BAA2-0075-1D95ACCE3974} = {3D9F27ED-5D62-4BBB-8D99-2073FCEC5C27}
		{5CFA4DAA-DA97-4F14-BC66-65E10A72191A} = {F8D574EC-2034-BAA2-0075-1D95ACCE3974}
		{C58B4FAD-ED44-F824-2A4A-5BEA85A9C98C} = {3D9F27ED-5D62-4BBB-8D99-2073FCEC5C27}
		{3F652959-3607-41C7-9952-A68356A6EA18} = {C58B4FAD-ED44-F824-2A4A-5BEA85A9C98C}
		{98B25214-3921-4AAF-B052-93D1D4A6702D} = {F30895DC-C3AC-FF44-FFF8-D51D98AE1B61}
		{047160AE-C00C-4B02-8B1F-5738ECC85371} = {98B25214-3921-4AAF-B052-93D1D4A6702D}
		{70F7F76D-CF57-4F73-A493-60FCE2286D8A} = {98B25214-3921-4AAF-B052-93D1D4A6702D}
		{D2B124C6-E54F-4167-B9EF-F60C41E7A4CD} = {F30895DC-C3AC-FF44-FFF8-D51D98AE1B61}
		{C5BC850F-CAE1-408D-9735-149661BE663C} = {D2B124C6-E54F-4167-B9EF-F60C41E7A4CD}
		{24FF8092-BA6F-48C7-B9BE-DBBBE306CED9} = {D2B124C6-E54F-4167-B9EF-F60C41E7A4CD}
		{422ED529-E9E6-4EF3-9B66-F5DBECEF79A4} = {F30895DC-C3AC-FF44-FFF8-D51D98AE1B61}
		{1B0EBFD4-FD84-4240-A410-8B3A8C545742} = {422ED529-E9E6-4EF3-9B66-F5DBECEF79A4}
		{26119A13-D182-4A38-BF93-A6489094E469} = {422ED529-E9E6-4EF3-9B66-F5DBECEF79A4}
		{68CE5C36-D03D-473F-89F2-6FA0F9F46428} = {808186BE-9BD0-DD1D-D574-36EEAD1E7F8F}
		{B1D33B3A-173C-450A-A8F2-227A611D4524} = {68CE5C36-D03D-473F-89F2-6FA0F9F46428}
		{FD60827B-E6F4-4C40-8331-5E745E8A0165} = {68CE5C36-D03D-473F-89F2-6FA0F9F46428}
		{312DA720-ED3B-4259-AE15-4BFC1FE55A30} = {8D95823F-B83F-4C08-842C-4F95384DE3B7}
		{AC663A63-BF4F-45F0-8EE7-5433B15C50F9} = {312DA720-ED3B-4259-AE15-4BFC1FE55A30}
		{59771CB4-C3C6-4666-8B27-41AD321F658C} = {F30895DC-C3AC-FF44-FFF8-D51D98AE1B61}
		{9AE3E15F-8D24-4092-A7C2-3131E9FD2960} = {59771CB4-C3C6-4666-8B27-41AD321F658C}
		{BD5DA30E-73FE-4FE1-BA2F-2AD8A5AE1BE6} = {59771CB4-C3C6-4666-8B27-41AD321F658C}
		{E1BAB0B5-0FB4-4D01-8E32-7A5C4B46CB7F} = {312DA720-ED3B-4259-AE15-4BFC1FE55A30}
		{C5728024-DF9C-4D14-A7B5-1B681771B961} = {8D95823F-B83F-4C08-842C-4F95384DE3B7}
		{85EF5F21-B925-4EE2-A98D-A84ED364BA07} = {C5728024-DF9C-4D14-A7B5-1B681771B961}
		{8F2641CF-AD14-4853-AD33-5A2DFF083F2B} = {C5728024-DF9C-4D14-A7B5-1B681771B961}
		{9263A868-E162-4B55-9796-D6698F2182ED} = {F30895DC-C3AC-FF44-FFF8-D51D98AE1B61}
		{FC4CF4C3-0F01-4DB3-88FA-51BFD50534E4} = {9263A868-E162-4B55-9796-D6698F2182ED}
		{88C9C01A-DBEA-41F7-9A92-C69ACCD72C56} = {9263A868-E162-4B55-9796-D6698F2182ED}
		{2C8FB3F0-8B5D-4D27-BB7D-41E287B11A9A} = {DE13770C-C1A1-42BF-9E0E-166E5B020D82}
		{18E90768-392E-45A1-9CE8-93668B60C434} = {2C8FB3F0-8B5D-4D27-BB7D-41E287B11A9A}
		{09D762F2-3BC4-43EB-9B21-ED2C57B28A28} = {8D95823F-B83F-4C08-842C-4F95384DE3B7}
		{A7C88A12-B796-4A0D-969E-7E4D053C21BA} = {09D762F2-3BC4-43EB-9B21-ED2C57B28A28}
		{06DDC8E4-7558-4E9E-B724-D646976358FD} = {09D762F2-3BC4-43EB-9B21-ED2C57B28A28}
		{FCC1D59D-7844-4A14-9ECF-58578678EC06} = {F30895DC-C3AC-FF44-FFF8-D51D98AE1B61}
		{A3522862-178A-451A-BACC-0EA5DA521D50} = {FCC1D59D-7844-4A14-9ECF-58578678EC06}
		{522FAA11-E6EF-4571-AD3F-E06DE05103EA} = {FCC1D59D-7844-4A14-9ECF-58578678EC06}
		{572A3BE8-2D02-4D2D-8379-0C27AB483CBB} = {F30895DC-C3AC-FF44-FFF8-D51D98AE1B61}
		{20A91030-7010-4D04-A8DF-BF8786B8C6B7} = {572A3BE8-2D02-4D2D-8379-0C27AB483CBB}
		{33D4CBA0-B73D-44CE-9E71-CD3E8D1BA7C9} = {572A3BE8-2D02-4D2D-8379-0C27AB483CBB}
		{4E2B527C-C303-487F-8DC7-F5EEC0A7E3C6} = {F30895DC-C3AC-FF44-FFF8-D51D98AE1B61}
		{DAC07353-EB8E-43DF-92F3-BD679778F2A7} = {4E2B527C-C303-487F-8DC7-F5EEC0A7E3C6}
		{0210DB6D-AA2D-40A8-B58A-4527246F52D5} = {4E2B527C-C303-487F-8DC7-F5EEC0A7E3C6}
		{7BA964FC-3816-4DD5-9E4F-E0EBD8C2F9E2} = {F30895DC-C3AC-FF44-FFF8-D51D98AE1B61}
		{CE307773-B30E-4F93-83F0-4A22FCF4CA68} = {7BA964FC-3816-4DD5-9E4F-E0EBD8C2F9E2}
		{8EE9E7FF-178B-45BA-A7A5-FD31D578E40A} = {7BA964FC-3816-4DD5-9E4F-E0EBD8C2F9E2}
		{5B4B299F-A5A3-4E92-9DCB-B950C566CE61} = {F30895DC-C3AC-FF44-FFF8-D51D98AE1B61}
		{236A6191-CB72-4DD7-988E-9F8A3CDED48F} = {5B4B299F-A5A3-4E92-9DCB-B950C566CE61}
		{14F1F380-5BE5-4D90-ADF4-0FE8478E0D9E} = {5B4B299F-A5A3-4E92-9DCB-B950C566CE61}
		{E92762CE-DBAF-4101-BE97-D17778DDE482} = {F30895DC-C3AC-FF44-FFF8-D51D98AE1B61}
		{8C449567-A535-4F30-8774-61C4572307D6} = {E92762CE-DBAF-4101-BE97-D17778DDE482}
		{EB598F74-2EF3-403E-8A5A-672F2DEA7519} = {E92762CE-DBAF-4101-BE97-D17778DDE482}
		{63D0CC3D-81CD-4CFD-8044-CA14F0EC5FD1} = {F30895DC-C3AC-FF44-FFF8-D51D98AE1B61}
		{F029EB32-626F-4582-BB4D-1EE3E6C36CCA} = {63D0CC3D-81CD-4CFD-8044-CA14F0EC5FD1}
		{E23DDE06-6DA3-4CCA-83B2-7C22C6E88622} = {63D0CC3D-81CD-4CFD-8044-CA14F0EC5FD1}
		{982BBDD4-1A17-490F-90A2-B59AFAEB5793} = {DE13770C-C1A1-42BF-9E0E-166E5B020D82}
		{34BFFB5D-0F8D-465C-A388-638E5F8D5157} = {982BBDD4-1A17-490F-90A2-B59AFAEB5793}
		{13DC59FB-B1AA-4A47-89FD-F978AF0C2F08} = {F30895DC-C3AC-FF44-FFF8-D51D98AE1B61}
		{AF427B6A-2CD2-4366-AE12-1F3C63BA0FAC} = {13DC59FB-B1AA-4A47-89FD-F978AF0C2F08}
		{69E95976-0752-48A0-A3BD-6747278A9630} = {13DC59FB-B1AA-4A47-89FD-F978AF0C2F08}
		{478B8E69-EF42-420D-9CC5-45290B97C7E2} = {F30895DC-C3AC-FF44-FFF8-D51D98AE1B61}
		{2B282575-CD27-48EC-83D3-27B1EEE6C042} = {478B8E69-EF42-420D-9CC5-45290B97C7E2}
		{C161C0A2-C8A7-4668-B0DE-72612169AAA7} = {478B8E69-EF42-420D-9CC5-45290B97C7E2}
		{38F0CA91-4BE4-4F23-BDAC-CC1CF1CAF15D} = {F30895DC-C3AC-FF44-FFF8-D51D98AE1B61}
		{BB38EE44-8B73-4267-BC8D-7D4E9CDD4B6F} = {38F0CA91-4BE4-4F23-BDAC-CC1CF1CAF15D}
		{884E9ACE-1FCE-4199-84CD-72D790BD77A9} = {38F0CA91-4BE4-4F23-BDAC-CC1CF1CAF15D}
		{F21DC8B6-65B2-40BF-A5B9-F690D420430D} = {F30895DC-C3AC-FF44-FFF8-D51D98AE1B61}
		{2534DF26-0D55-44F6-9342-20663F0EE9C3} = {F21DC8B6-65B2-40BF-A5B9-F690D420430D}
		{5DBE6797-8FC3-49A1-8BC5-1A4803796B6C} = {F21DC8B6-65B2-40BF-A5B9-F690D420430D}
	EndGlobalSection
EndGlobal
